
Microsoft Visual Studio Solution File, Format Version 12.00
# Visual Studio Version 16
VisualStudioVersion = 16.0.32929.386
MinimumVisualStudioVersion = 10.0.40219.1
Project("{2150E333-8FDC-42A3-9474-1A3956D46DE8}") = "dnSpyFiles", "dnSpyFiles", "{BCDFE47C-A4D8-4F5C-BCED-4AEBDC711E34}"
	ProjectSection(SolutionItems) = preProject
		dnSpyFiles\dnSpy.c = dnSpyFiles\dnSpy.c
		dnSpyFiles\dnSpy.h = dnSpyFiles\dnSpy.h
	EndProjectSection
EndProject
Project("{2150E333-8FDC-42A3-9474-1A3956D46DE8}") = "unity-2021.3.18f1-mbe", "unity-2021.3.18f1-mbe", "{3D7EA59B-705C-4D8E-83F1-ED44B3391D7C}"
EndProject
Project("{8BC9CEB8-8B4A-11D0-8D11-00A0C91BC942}") = "build-init", "unity-2021.3.18f1-mbe\msvc\build-init.vcxproj", "{0DBD9811-35BA-49B3-ABCA-D80D46941DD6}"
EndProject
Project("{8BC9CEB8-8B4A-11D0-8D11-00A0C91BC942}") = "eglib", "unity-2021.3.18f1-mbe\msvc\eglib.vcxproj", "{11A2ABCE-A326-4149-A6E5-3FCC1378AB92}"
EndProject
Project("{8BC9CEB8-8B4A-11D0-8D11-00A0C91BC942}") = "genmdesc", "unity-2021.3.18f1-mbe\msvc\genmdesc.vcxproj", "{B67292E8-8A70-42E7-8FB7-42FB8689E3A8}"
EndProject
Project("{8BC9CEB8-8B4A-11D0-8D11-00A0C91BC942}") = "libgc", "unity-2021.3.18f1-mbe\msvc\libgc.vcxproj", "{EB56000B-C80B-4E8B-908D-D84D31B517D3}"
EndProject
Project("{8BC9CEB8-8B4A-11D0-8D11-00A0C91BC942}") = "libmono-dynamic", "unity-2021.3.18f1-mbe\msvc\libmono-dynamic.vcxproj", "{FF7E53E2-12CF-42FC-A103-CB5944D4A85F}"
EndProject
Project("{2150E333-8FDC-42A3-9474-1A3956D46DE8}") = "unity-2021.3.26f1-mbe", "unity-2021.3.26f1-mbe", "{86F06C89-4E83-4CB2-AA79-00487C1C51FE}"
EndProject
Project("{8BC9CEB8-8B4A-11D0-8D11-00A0C91BC942}") = "build-init", "unity-2021.3.26f1-mbe\msvc\build-init.vcxproj", "{26C95FAC-1214-4515-BBE5-B1E310A8F685}"
EndProject
Project("{8BC9CEB8-8B4A-11D0-8D11-00A0C91BC942}") = "eglib", "unity-2021.3.26f1-mbe\msvc\eglib.vcxproj", "{137AC950-29EC-4BE4-85E1-724256084564}"
EndProject
Project("{8BC9CEB8-8B4A-11D0-8D11-00A0C91BC942}") = "genmdesc", "unity-2021.3.26f1-mbe\msvc\genmdesc.vcxproj", "{04E6A768-DD49-4F97-B5A4-BFAD7EA33ACF}"
EndProject
Project("{8BC9CEB8-8B4A-11D0-8D11-00A0C91BC942}") = "libgc", "unity-2021.3.26f1-mbe\msvc\libgc.vcxproj", "{91E7DE80-AF73-44EB-ACA3-4407D3450092}"
EndProject
Project("{8BC9CEB8-8B4A-11D0-8D11-00A0C91BC942}") = "libmono-dynamic", "unity-2021.3.26f1-mbe\msvc\libmono-dynamic.vcxproj", "{A8C2AE43-8A71-49A6-9F92-79E10A2FA2FE}"
EndProject
Global
	GlobalSection(SolutionConfigurationPlatforms) = preSolution
		Debug_eglib|x64 = Debug_eglib|x64
		Debug_eglib|x86 = Debug_eglib|x86
		Debug|x64 = Debug|x64
		Debug|x86 = Debug|x86
		Release_eglib_xarm|x64 = Release_eglib_xarm|x64
		Release_eglib_xarm|x86 = Release_eglib_xarm|x86
		Release_eglib|x64 = Release_eglib|x64
		Release_eglib|x86 = Release_eglib|x86
		Release|x64 = Release|x64
		Release|x86 = Release|x86
	EndGlobalSection
	GlobalSection(ProjectConfigurationPlatforms) = postSolution
		{0DBD9811-35BA-49B3-ABCA-D80D46941DD6}.Debug_eglib|x64.ActiveCfg = Debug|x64
		{0DBD9811-35BA-49B3-ABCA-D80D46941DD6}.Debug_eglib|x64.Build.0 = Debug|x64
		{0DBD9811-35BA-49B3-ABCA-D80D46941DD6}.Debug_eglib|x86.ActiveCfg = Debug|Win32
		{0DBD9811-35BA-49B3-ABCA-D80D46941DD6}.Debug_eglib|x86.Build.0 = Debug|Win32
		{0DBD9811-35BA-49B3-ABCA-D80D46941DD6}.Debug|x64.ActiveCfg = Debug|x64
		{0DBD9811-35BA-49B3-ABCA-D80D46941DD6}.Debug|x64.Build.0 = Debug|x64
		{0DBD9811-35BA-49B3-ABCA-D80D46941DD6}.Debug|x86.ActiveCfg = Debug|Win32
		{0DBD9811-35BA-49B3-ABCA-D80D46941DD6}.Debug|x86.Build.0 = Debug|Win32
		{0DBD9811-35BA-49B3-ABCA-D80D46941DD6}.Release_eglib_xarm|x64.ActiveCfg = Release|x64
		{0DBD9811-35BA-49B3-ABCA-D80D46941DD6}.Release_eglib_xarm|x64.Build.0 = Release|x64
		{0DBD9811-35BA-49B3-ABCA-D80D46941DD6}.Release_eglib_xarm|x86.ActiveCfg = Release|Win32
		{0DBD9811-35BA-49B3-ABCA-D80D46941DD6}.Release_eglib_xarm|x86.Build.0 = Release|Win32
		{0DBD9811-35BA-49B3-ABCA-D80D46941DD6}.Release_eglib|x64.ActiveCfg = Release|x64
		{0DBD9811-35BA-49B3-ABCA-D80D46941DD6}.Release_eglib|x64.Build.0 = Release|x64
		{0DBD9811-35BA-49B3-ABCA-D80D46941DD6}.Release_eglib|x86.ActiveCfg = Release|Win32
		{0DBD9811-35BA-49B3-ABCA-D80D46941DD6}.Release_eglib|x86.Build.0 = Release|Win32
		{0DBD9811-35BA-49B3-ABCA-D80D46941DD6}.Release|x64.ActiveCfg = Release|x64
		{0DBD9811-35BA-49B3-ABCA-D80D46941DD6}.Release|x64.Build.0 = Release|x64
		{0DBD9811-35BA-49B3-ABCA-D80D46941DD6}.Release|x86.ActiveCfg = Release|Win32
		{0DBD9811-35BA-49B3-ABCA-D80D46941DD6}.Release|x86.Build.0 = Release|Win32
		{11A2ABCE-A326-4149-A6E5-3FCC1378AB92}.Debug_eglib|x64.ActiveCfg = Debug|x64
		{11A2ABCE-A326-4149-A6E5-3FCC1378AB92}.Debug_eglib|x64.Build.0 = Debug|x64
		{11A2ABCE-A326-4149-A6E5-3FCC1378AB92}.Debug_eglib|x86.ActiveCfg = Debug|Win32
		{11A2ABCE-A326-4149-A6E5-3FCC1378AB92}.Debug_eglib|x86.Build.0 = Debug|Win32
		{11A2ABCE-A326-4149-A6E5-3FCC1378AB92}.Debug|x64.ActiveCfg = Debug|x64
		{11A2ABCE-A326-4149-A6E5-3FCC1378AB92}.Debug|x64.Build.0 = Debug|x64
		{11A2ABCE-A326-4149-A6E5-3FCC1378AB92}.Debug|x86.ActiveCfg = Debug|Win32
		{11A2ABCE-A326-4149-A6E5-3FCC1378AB92}.Debug|x86.Build.0 = Debug|Win32
		{11A2ABCE-A326-4149-A6E5-3FCC1378AB92}.Release_eglib_xarm|x64.ActiveCfg = Release|x64
		{11A2ABCE-A326-4149-A6E5-3FCC1378AB92}.Release_eglib_xarm|x64.Build.0 = Release|x64
		{11A2ABCE-A326-4149-A6E5-3FCC1378AB92}.Release_eglib_xarm|x86.ActiveCfg = Release|Win32
		{11A2ABCE-A326-4149-A6E5-3FCC1378AB92}.Release_eglib_xarm|x86.Build.0 = Release|Win32
		{11A2ABCE-A326-4149-A6E5-3FCC1378AB92}.Release_eglib|x64.ActiveCfg = Release|x64
		{11A2ABCE-A326-4149-A6E5-3FCC1378AB92}.Release_eglib|x64.Build.0 = Release|x64
		{11A2ABCE-A326-4149-A6E5-3FCC1378AB92}.Release_eglib|x86.ActiveCfg = Release|Win32
		{11A2ABCE-A326-4149-A6E5-3FCC1378AB92}.Release_eglib|x86.Build.0 = Release|Win32
		{11A2ABCE-A326-4149-A6E5-3FCC1378AB92}.Release|x64.ActiveCfg = Release|x64
		{11A2ABCE-A326-4149-A6E5-3FCC1378AB92}.Release|x64.Build.0 = Release|x64
		{11A2ABCE-A326-4149-A6E5-3FCC1378AB92}.Release|x86.ActiveCfg = Release|Win32
		{11A2ABCE-A326-4149-A6E5-3FCC1378AB92}.Release|x86.Build.0 = Release|Win32
		{B67292E8-8A70-42E7-8FB7-42FB8689E3A8}.Debug_eglib|x64.ActiveCfg = Debug|x64
		{B67292E8-8A70-42E7-8FB7-42FB8689E3A8}.Debug_eglib|x64.Build.0 = Debug|x64
		{B67292E8-8A70-42E7-8FB7-42FB8689E3A8}.Debug_eglib|x86.ActiveCfg = Debug|Win32
		{B67292E8-8A70-42E7-8FB7-42FB8689E3A8}.Debug_eglib|x86.Build.0 = Debug|Win32
		{B67292E8-8A70-42E7-8FB7-42FB8689E3A8}.Debug|x64.ActiveCfg = Debug|x64
		{B67292E8-8A70-42E7-8FB7-42FB8689E3A8}.Debug|x64.Build.0 = Debug|x64
		{B67292E8-8A70-42E7-8FB7-42FB8689E3A8}.Debug|x86.ActiveCfg = Debug|Win32
		{B67292E8-8A70-42E7-8FB7-42FB8689E3A8}.Debug|x86.Build.0 = Debug|Win32
		{B67292E8-8A70-42E7-8FB7-42FB8689E3A8}.Release_eglib_xarm|x64.ActiveCfg = Release|x64
		{B67292E8-8A70-42E7-8FB7-42FB8689E3A8}.Release_eglib_xarm|x64.Build.0 = Release|x64
		{B67292E8-8A70-42E7-8FB7-42FB8689E3A8}.Release_eglib_xarm|x86.ActiveCfg = Release|Win32
		{B67292E8-8A70-42E7-8FB7-42FB8689E3A8}.Release_eglib_xarm|x86.Build.0 = Release|Win32
		{B67292E8-8A70-42E7-8FB7-42FB8689E3A8}.Release_eglib|x64.ActiveCfg = Release|x64
		{B67292E8-8A70-42E7-8FB7-42FB8689E3A8}.Release_eglib|x64.Build.0 = Release|x64
		{B67292E8-8A70-42E7-8FB7-42FB8689E3A8}.Release_eglib|x86.ActiveCfg = Release|Win32
		{B67292E8-8A70-42E7-8FB7-42FB8689E3A8}.Release_eglib|x86.Build.0 = Release|Win32
		{B67292E8-8A70-42E7-8FB7-42FB8689E3A8}.Release|x64.ActiveCfg = Release|x64
		{B67292E8-8A70-42E7-8FB7-42FB8689E3A8}.Release|x64.Build.0 = Release|x64
		{B67292E8-8A70-42E7-8FB7-42FB8689E3A8}.Release|x86.ActiveCfg = Release|Win32
		{B67292E8-8A70-42E7-8FB7-42FB8689E3A8}.Release|x86.Build.0 = Release|Win32
		{EB56000B-C80B-4E8B-908D-D84D31B517D3}.Debug_eglib|x64.ActiveCfg = Debug|x64
		{EB56000B-C80B-4E8B-908D-D84D31B517D3}.Debug_eglib|x64.Build.0 = Debug|x64
		{EB56000B-C80B-4E8B-908D-D84D31B517D3}.Debug_eglib|x86.ActiveCfg = Debug|Win32
		{EB56000B-C80B-4E8B-908D-D84D31B517D3}.Debug_eglib|x86.Build.0 = Debug|Win32
		{EB56000B-C80B-4E8B-908D-D84D31B517D3}.Debug|x64.ActiveCfg = Debug|x64
		{EB56000B-C80B-4E8B-908D-D84D31B517D3}.Debug|x64.Build.0 = Debug|x64
		{EB56000B-C80B-4E8B-908D-D84D31B517D3}.Debug|x86.ActiveCfg = Debug|Win32
		{EB56000B-C80B-4E8B-908D-D84D31B517D3}.Debug|x86.Build.0 = Debug|Win32
		{EB56000B-C80B-4E8B-908D-D84D31B517D3}.Release_eglib_xarm|x64.ActiveCfg = Release|x64
		{EB56000B-C80B-4E8B-908D-D84D31B517D3}.Release_eglib_xarm|x64.Build.0 = Release|x64
		{EB56000B-C80B-4E8B-908D-D84D31B517D3}.Release_eglib_xarm|x86.ActiveCfg = Release|Win32
		{EB56000B-C80B-4E8B-908D-D84D31B517D3}.Release_eglib_xarm|x86.Build.0 = Release|Win32
		{EB56000B-C80B-4E8B-908D-D84D31B517D3}.Release_eglib|x64.ActiveCfg = Release|x64
		{EB56000B-C80B-4E8B-908D-D84D31B517D3}.Release_eglib|x64.Build.0 = Release|x64
		{EB56000B-C80B-4E8B-908D-D84D31B517D3}.Release_eglib|x86.ActiveCfg = Release|Win32
		{EB56000B-C80B-4E8B-908D-D84D31B517D3}.Release_eglib|x86.Build.0 = Release|Win32
		{EB56000B-C80B-4E8B-908D-D84D31B517D3}.Release|x64.ActiveCfg = Release|x64
		{EB56000B-C80B-4E8B-908D-D84D31B517D3}.Release|x64.Build.0 = Release|x64
		{EB56000B-C80B-4E8B-908D-D84D31B517D3}.Release|x86.ActiveCfg = Release|Win32
		{EB56000B-C80B-4E8B-908D-D84D31B517D3}.Release|x86.Build.0 = Release|Win32
		{FF7E53E2-12CF-42FC-A103-CB5944D4A85F}.Debug_eglib|x64.ActiveCfg = Debug|x64
		{FF7E53E2-12CF-42FC-A103-CB5944D4A85F}.Debug_eglib|x64.Build.0 = Debug|x64
		{FF7E53E2-12CF-42FC-A103-CB5944D4A85F}.Debug_eglib|x86.ActiveCfg = Debug|Win32
		{FF7E53E2-12CF-42FC-A103-CB5944D4A85F}.Debug_eglib|x86.Build.0 = Debug|Win32
		{FF7E53E2-12CF-42FC-A103-CB5944D4A85F}.Debug|x64.ActiveCfg = Debug|x64
		{FF7E53E2-12CF-42FC-A103-CB5944D4A85F}.Debug|x64.Build.0 = Debug|x64
		{FF7E53E2-12CF-42FC-A103-CB5944D4A85F}.Debug|x86.ActiveCfg = Debug|Win32
		{FF7E53E2-12CF-42FC-A103-CB5944D4A85F}.Debug|x86.Build.0 = Debug|Win32
		{FF7E53E2-12CF-42FC-A103-CB5944D4A85F}.Release_eglib_xarm|x64.ActiveCfg = Release|x64
		{FF7E53E2-12CF-42FC-A103-CB5944D4A85F}.Release_eglib_xarm|x64.Build.0 = Release|x64
		{FF7E53E2-12CF-42FC-A103-CB5944D4A85F}.Release_eglib_xarm|x86.ActiveCfg = Release|Win32
		{FF7E53E2-12CF-42FC-A103-CB5944D4A85F}.Release_eglib_xarm|x86.Build.0 = Release|Win32
		{FF7E53E2-12CF-42FC-A103-CB5944D4A85F}.Release_eglib|x64.ActiveCfg = Release|x64
		{FF7E53E2-12CF-42FC-A103-CB5944D4A85F}.Release_eglib|x64.Build.0 = Release|x64
		{FF7E53E2-12CF-42FC-A103-CB5944D4A85F}.Release_eglib|x86.ActiveCfg = Release|Win32
		{FF7E53E2-12CF-42FC-A103-CB5944D4A85F}.Release_eglib|x86.Build.0 = Release|Win32
		{FF7E53E2-12CF-42FC-A103-CB5944D4A85F}.Release|x64.ActiveCfg = Release|x64
		{FF7E53E2-12CF-42FC-A103-CB5944D4A85F}.Release|x64.Build.0 = Release|x64
		{FF7E53E2-12CF-42FC-A103-CB5944D4A85F}.Release|x86.ActiveCfg = Release|Win32
		{FF7E53E2-12CF-42FC-A103-CB5944D4A85F}.Release|x86.Build.0 = Release|Win32
		{26C95FAC-1214-4515-BBE5-B1E310A8F685}.Debug_eglib|x64.ActiveCfg = Debug|x64
		{26C95FAC-1214-4515-BBE5-B1E310A8F685}.Debug_eglib|x64.Build.0 = Debug|x64
		{26C95FAC-1214-4515-BBE5-B1E310A8F685}.Debug_eglib|x86.ActiveCfg = Debug|Win32
		{26C95FAC-1214-4515-BBE5-B1E310A8F685}.Debug_eglib|x86.Build.0 = Debug|Win32
		{26C95FAC-1214-4515-BBE5-B1E310A8F685}.Debug|x64.ActiveCfg = Debug|x64
		{26C95FAC-1214-4515-BBE5-B1E310A8F685}.Debug|x64.Build.0 = Debug|x64
		{26C95FAC-1214-4515-BBE5-B1E310A8F685}.Debug|x86.ActiveCfg = Debug|Win32
		{26C95FAC-1214-4515-BBE5-B1E310A8F685}.Debug|x86.Build.0 = Debug|Win32
		{26C95FAC-1214-4515-BBE5-B1E310A8F685}.Release_eglib_xarm|x64.ActiveCfg = Release|x64
		{26C95FAC-1214-4515-BBE5-B1E310A8F685}.Release_eglib_xarm|x64.Build.0 = Release|x64
		{26C95FAC-1214-4515-BBE5-B1E310A8F685}.Release_eglib_xarm|x86.ActiveCfg = Release|Win32
		{26C95FAC-1214-4515-BBE5-B1E310A8F685}.Release_eglib_xarm|x86.Build.0 = Release|Win32
		{26C95FAC-1214-4515-BBE5-B1E310A8F685}.Release_eglib|x64.ActiveCfg = Release|x64
		{26C95FAC-1214-4515-BBE5-B1E310A8F685}.Release_eglib|x64.Build.0 = Release|x64
		{26C95FAC-1214-4515-BBE5-B1E310A8F685}.Release_eglib|x86.ActiveCfg = Release|Win32
		{26C95FAC-1214-4515-BBE5-B1E310A8F685}.Release_eglib|x86.Build.0 = Release|Win32
		{26C95FAC-1214-4515-BBE5-B1E310A8F685}.Release|x64.ActiveCfg = Release|x64
		{26C95FAC-1214-4515-BBE5-B1E310A8F685}.Release|x64.Build.0 = Release|x64
		{26C95FAC-1214-4515-BBE5-B1E310A8F685}.Release|x86.ActiveCfg = Release|Win32
		{26C95FAC-1214-4515-BBE5-B1E310A8F685}.Release|x86.Build.0 = Release|Win32
		{137AC950-29EC-4BE4-85E1-724256084564}.Debug_eglib|x64.ActiveCfg = Debug|x64
		{137AC950-29EC-4BE4-85E1-724256084564}.Debug_eglib|x64.Build.0 = Debug|x64
		{137AC950-29EC-4BE4-85E1-724256084564}.Debug_eglib|x86.ActiveCfg = Debug|Win32
		{137AC950-29EC-4BE4-85E1-724256084564}.Debug_eglib|x86.Build.0 = Debug|Win32
		{137AC950-29EC-4BE4-85E1-724256084564}.Debug|x64.ActiveCfg = Debug|x64
		{137AC950-29EC-4BE4-85E1-724256084564}.Debug|x64.Build.0 = Debug|x64
		{137AC950-29EC-4BE4-85E1-724256084564}.Debug|x86.ActiveCfg = Debug|Win32
		{137AC950-29EC-4BE4-85E1-724256084564}.Debug|x86.Build.0 = Debug|Win32
		{137AC950-29EC-4BE4-85E1-724256084564}.Release_eglib_xarm|x64.ActiveCfg = Release|x64
		{137AC950-29EC-4BE4-85E1-724256084564}.Release_eglib_xarm|x64.Build.0 = Release|x64
		{137AC950-29EC-4BE4-85E1-724256084564}.Release_eglib_xarm|x86.ActiveCfg = Release|Win32
		{137AC950-29EC-4BE4-85E1-724256084564}.Release_eglib_xarm|x86.Build.0 = Release|Win32
		{137AC950-29EC-4BE4-85E1-724256084564}.Release_eglib|x64.ActiveCfg = Release|x64
		{137AC950-29EC-4BE4-85E1-724256084564}.Release_eglib|x64.Build.0 = Release|x64
		{137AC950-29EC-4BE4-85E1-724256084564}.Release_eglib|x86.ActiveCfg = Release|Win32
		{137AC950-29EC-4BE4-85E1-724256084564}.Release_eglib|x86.Build.0 = Release|Win32
		{137AC950-29EC-4BE4-85E1-724256084564}.Release|x64.ActiveCfg = Release|x64
		{137AC950-29EC-4BE4-85E1-724256084564}.Release|x64.Build.0 = Release|x64
		{137AC950-29EC-4BE4-85E1-724256084564}.Release|x86.ActiveCfg = Release|Win32
		{137AC950-29EC-4BE4-85E1-724256084564}.Release|x86.Build.0 = Release|Win32
		{04E6A768-DD49-4F97-B5A4-BFAD7EA33ACF}.Debug_eglib|x64.ActiveCfg = Debug|x64
		{04E6A768-DD49-4F97-B5A4-BFAD7EA33ACF}.Debug_eglib|x64.Build.0 = Debug|x64
		{04E6A768-DD49-4F97-B5A4-BFAD7EA33ACF}.Debug_eglib|x86.ActiveCfg = Debug|Win32
		{04E6A768-DD49-4F97-B5A4-BFAD7EA33ACF}.Debug_eglib|x86.Build.0 = Debug|Win32
		{04E6A768-DD49-4F97-B5A4-BFAD7EA33ACF}.Debug|x64.ActiveCfg = Debug|x64
		{04E6A768-DD49-4F97-B5A4-BFAD7EA33ACF}.Debug|x64.Build.0 = Debug|x64
		{04E6A768-DD49-4F97-B5A4-BFAD7EA33ACF}.Debug|x86.ActiveCfg = Debug|Win32
		{04E6A768-DD49-4F97-B5A4-BFAD7EA33ACF}.Debug|x86.Build.0 = Debug|Win32
		{04E6A768-DD49-4F97-B5A4-BFAD7EA33ACF}.Release_eglib_xarm|x64.ActiveCfg = Release|x64
		{04E6A768-DD49-4F97-B5A4-BFAD7EA33ACF}.Release_eglib_xarm|x64.Build.0 = Release|x64
		{04E6A768-DD49-4F97-B5A4-BFAD7EA33ACF}.Release_eglib_xarm|x86.ActiveCfg = Release|Win32
		{04E6A768-DD49-4F97-B5A4-BFAD7EA33ACF}.Release_eglib_xarm|x86.Build.0 = Release|Win32
		{04E6A768-DD49-4F97-B5A4-BFAD7EA33ACF}.Release_eglib|x64.ActiveCfg = Release|x64
		{04E6A768-DD49-4F97-B5A4-BFAD7EA33ACF}.Release_eglib|x64.Build.0 = Release|x64
		{04E6A768-DD49-4F97-B5A4-BFAD7EA33ACF}.Release_eglib|x86.ActiveCfg = Release|Win32
		{04E6A768-DD49-4F97-B5A4-BFAD7EA33ACF}.Release_eglib|x86.Build.0 = Release|Win32
		{04E6A768-DD49-4F97-B5A4-BFAD7EA33ACF}.Release|x64.ActiveCfg = Release|x64
		{04E6A768-DD49-4F97-B5A4-BFAD7EA33ACF}.Release|x64.Build.0 = Release|x64
		{04E6A768-DD49-4F97-B5A4-BFAD7EA33ACF}.Release|x86.ActiveCfg = Release|Win32
		{04E6A768-DD49-4F97-B5A4-BFAD7EA33ACF}.Release|x86.Build.0 = Release|Win32
		{91E7DE80-AF73-44EB-ACA3-4407D3450092}.Debug_eglib|x64.ActiveCfg = Debug|x64
		{91E7DE80-AF73-44EB-ACA3-4407D3450092}.Debug_eglib|x64.Build.0 = Debug|x64
		{91E7DE80-AF73-44EB-ACA3-4407D3450092}.Debug_eglib|x86.ActiveCfg = Debug|Win32
		{91E7DE80-AF73-44EB-ACA3-4407D3450092}.Debug_eglib|x86.Build.0 = Debug|Win32
		{91E7DE80-AF73-44EB-ACA3-4407D3450092}.Debug|x64.ActiveCfg = Debug|x64
		{91E7DE80-AF73-44EB-ACA3-4407D3450092}.Debug|x64.Build.0 = Debug|x64
		{91E7DE80-AF73-44EB-ACA3-4407D3450092}.Debug|x86.ActiveCfg = Debug|Win32
		{91E7DE80-AF73-44EB-ACA3-4407D3450092}.Debug|x86.Build.0 = Debug|Win32
		{91E7DE80-AF73-44EB-ACA3-4407D3450092}.Release_eglib_xarm|x64.ActiveCfg = Release|x64
		{91E7DE80-AF73-44EB-ACA3-4407D3450092}.Release_eglib_xarm|x64.Build.0 = Release|x64
		{91E7DE80-AF73-44EB-ACA3-4407D3450092}.Release_eglib_xarm|x86.ActiveCfg = Release|Win32
		{91E7DE80-AF73-44EB-ACA3-4407D3450092}.Release_eglib_xarm|x86.Build.0 = Release|Win32
		{91E7DE80-AF73-44EB-ACA3-4407D3450092}.Release_eglib|x64.ActiveCfg = Release|x64
		{91E7DE80-AF73-44EB-ACA3-4407D3450092}.Release_eglib|x64.Build.0 = Release|x64
		{91E7DE80-AF73-44EB-ACA3-4407D3450092}.Release_eglib|x86.ActiveCfg = Release|Win32
		{91E7DE80-AF73-44EB-ACA3-4407D3450092}.Release_eglib|x86.Build.0 = Release|Win32
		{91E7DE80-AF73-44EB-ACA3-4407D3450092}.Release|x64.ActiveCfg = Release|x64
		{91E7DE80-AF73-44EB-ACA3-4407D3450092}.Release|x64.Build.0 = Release|x64
		{91E7DE80-AF73-44EB-ACA3-4407D3450092}.Release|x86.ActiveCfg = Release|Win32
		{91E7DE80-AF73-44EB-ACA3-4407D3450092}.Release|x86.Build.0 = Release|Win32
		{A8C2AE43-8A71-49A6-9F92-79E10A2FA2FE}.Debug_eglib|x64.ActiveCfg = Debug|x64
		{A8C2AE43-8A71-49A6-9F92-79E10A2FA2FE}.Debug_eglib|x64.Build.0 = Debug|x64
		{A8C2AE43-8A71-49A6-9F92-79E10A2FA2FE}.Debug_eglib|x86.ActiveCfg = Debug|Win32
		{A8C2AE43-8A71-49A6-9F92-79E10A2FA2FE}.Debug_eglib|x86.Build.0 = Debug|Win32
		{A8C2AE43-8A71-49A6-9F92-79E10A2FA2FE}.Debug|x64.ActiveCfg = Debug|x64
		{A8C2AE43-8A71-49A6-9F92-79E10A2FA2FE}.Debug|x64.Build.0 = Debug|x64
		{A8C2AE43-8A71-49A6-9F92-79E10A2FA2FE}.Debug|x86.ActiveCfg = Debug|Win32
		{A8C2AE43-8A71-49A6-9F92-79E10A2FA2FE}.Debug|x86.Build.0 = Debug|Win32
		{A8C2AE43-8A71-49A6-9F92-79E10A2FA2FE}.Release_eglib_xarm|x64.ActiveCfg = Release|x64
		{A8C2AE43-8A71-49A6-9F92-79E10A2FA2FE}.Release_eglib_xarm|x64.Build.0 = Release|x64
		{A8C2AE43-8A71-49A6-9F92-79E10A2FA2FE}.Release_eglib_xarm|x86.ActiveCfg = Release|Win32
		{A8C2AE43-8A71-49A6-9F92-79E10A2FA2FE}.Release_eglib_xarm|x86.Build.0 = Release|Win32
		{A8C2AE43-8A71-49A6-9F92-79E10A2FA2FE}.Release_eglib|x64.ActiveCfg = Release|x64
		{A8C2AE43-8A71-49A6-9F92-79E10A2FA2FE}.Release_eglib|x64.Build.0 = Release|x64
		{A8C2AE43-8A71-49A6-9F92-79E10A2FA2FE}.Release_eglib|x86.ActiveCfg = Release|Win32
		{A8C2AE43-8A71-49A6-9F92-79E10A2FA2FE}.Release_eglib|x86.Build.0 = Release|Win32
		{A8C2AE43-8A71-49A6-9F92-79E10A2FA2FE}.Release|x64.ActiveCfg = Release|x64
		{A8C2AE43-8A71-49A6-9F92-79E10A2FA2FE}.Release|x64.Build.0 = Release|x64
		{A8C2AE43-8A71-49A6-9F92-79E10A2FA2FE}.Release|x86.ActiveCfg = Release|Win32
		{A8C2AE43-8A71-49A6-9F92-79E10A2FA2FE}.Release|x86.Build.0 = Release|Win32
	EndGlobalSection
	GlobalSection(SolutionProperties) = preSolution
		HideSolutionNode = FALSE
	EndGlobalSection
	GlobalSection(NestedProjects) = preSolution
		{0DBD9811-35BA-49B3-ABCA-D80D46941DD6} = {3D7EA59B-705C-4D8E-83F1-ED44B3391D7C}
		{11A2ABCE-A326-4149-A6E5-3FCC1378AB92} = {3D7EA59B-705C-4D8E-83F1-ED44B3391D7C}
		{B67292E8-8A70-42E7-8FB7-42FB8689E3A8} = {3D7EA59B-705C-4D8E-83F1-ED44B3391D7C}
		{EB56000B-C80B-4E8B-908D-D84D31B517D3} = {3D7EA59B-705C-4D8E-83F1-ED44B3391D7C}
		{FF7E53E2-12CF-42FC-A103-CB5944D4A85F} = {3D7EA59B-705C-4D8E-83F1-ED44B3391D7C}
		{26C95FAC-1214-4515-BBE5-B1E310A8F685} = {86F06C89-4E83-4CB2-AA79-00487C1C51FE}
		{137AC950-29EC-4BE4-85E1-724256084564} = {86F06C89-4E83-4CB2-AA79-00487C1C51FE}
		{04E6A768-DD49-4F97-B5A4-BFAD7EA33ACF} = {86F06C89-4E83-4CB2-AA79-00487C1C51FE}
		{91E7DE80-AF73-44EB-ACA3-4407D3450092} = {86F06C89-4E83-4CB2-AA79-00487C1C51FE}
		{A8C2AE43-8A71-49A6-9F92-79E10A2FA2FE} = {86F06C89-4E83-4CB2-AA79-00487C1C51FE}
	EndGlobalSection
	GlobalSection(ExtensibilityGlobals) = postSolution
		SolutionGuid = {22843117-1412-4A93-878D-A66FC9DAC383}
	EndGlobalSection
EndGlobal
