
Microsoft Visual Studio Solution File, Format Version 12.00
# Visual Studio Version 16
VisualStudioVersion = 16.0.32929.386
MinimumVisualStudioVersion = 10.0.40219.1
Project("{2150E333-8FDC-42A3-9474-1A3956D46DE8}") = "dnSpyFiles", "dnSpyFiles", "{BCDFE47C-A4D8-4F5C-BCED-4AEBDC711E34}"
	ProjectSection(SolutionItems) = preProject
		dnSpyFiles\dnSpy.c = dnSpyFiles\dnSpy.c
		dnSpyFiles\dnSpy.h = dnSpyFiles\dnSpy.h
	EndProjectSection
EndProject
Project("{2150E333-8FDC-42A3-9474-1A3956D46DE8}") = "unity-2020.3.43f1-mbe", "unity-2020.3.43f1-mbe", "{0E729174-FAE1-4E69-A905-01AB4D5C5B9F}"
EndProject
Project("{2150E333-8FDC-42A3-9474-1A3956D46DE8}") = "unity-2020.3.33f1-mbe", "unity-2020.3.33f1-mbe", "{924EF2A1-509F-4793-AA0B-DF803ADE1208}"
EndProject
Project("{8BC9CEB8-8B4A-11D0-8D11-00A0C91BC942}") = "build-init", "unity-2020.3.33f1-mbe\msvc\build-init.vcxproj", "{D60C7BAA-71FE-4202-A14A-A5D96C8AF619}"
EndProject
Project("{8BC9CEB8-8B4A-11D0-8D11-00A0C91BC942}") = "eglib", "unity-2020.3.33f1-mbe\msvc\eglib.vcxproj", "{FBD23A00-8B90-482A-9208-1E53F78F4387}"
EndProject
Project("{8BC9CEB8-8B4A-11D0-8D11-00A0C91BC942}") = "genmdesc", "unity-2020.3.33f1-mbe\msvc\genmdesc.vcxproj", "{27252D96-4B7B-485F-A64B-17140931CDB5}"
EndProject
Project("{8BC9CEB8-8B4A-11D0-8D11-00A0C91BC942}") = "libgcbdwgc", "unity-2020.3.33f1-mbe\msvc\libgcbdwgc.vcxproj", "{DB465AFD-B9B8-428D-A37B-496D8A1839B0}"
EndProject
Project("{8BC9CEB8-8B4A-11D0-8D11-00A0C91BC942}") = "libmono-dynamic", "unity-2020.3.33f1-mbe\msvc\libmono-dynamic.vcxproj", "{61BC1720-19B1-430B-94CB-A67CBFE61D77}"
EndProject
Project("{8BC9CEB8-8B4A-11D0-8D11-00A0C91BC942}") = "build-init", "unity-2020.3.43f1-mbe\msvc\build-init.vcxproj", "{EB96218F-035A-4C7D-AF48-BCD25BB6ED66}"
EndProject
Project("{8BC9CEB8-8B4A-11D0-8D11-00A0C91BC942}") = "eglib", "unity-2020.3.43f1-mbe\msvc\eglib.vcxproj", "{9FD09CD7-4E13-429D-9BAA-126A489FF3E4}"
EndProject
Project("{8BC9CEB8-8B4A-11D0-8D11-00A0C91BC942}") = "genmdesc", "unity-2020.3.43f1-mbe\msvc\genmdesc.vcxproj", "{B90987DB-9318-498F-8B5A-294DAE4347AF}"
EndProject
Project("{8BC9CEB8-8B4A-11D0-8D11-00A0C91BC942}") = "libgcbdwgc", "unity-2020.3.43f1-mbe\msvc\libgcbdwgc.vcxproj", "{AF69658E-B383-4C78-8B7B-8FD4308A13D9}"
EndProject
Project("{8BC9CEB8-8B4A-11D0-8D11-00A0C91BC942}") = "libmono-dynamic", "unity-2020.3.43f1-mbe\msvc\libmono-dynamic.vcxproj", "{C7104B9C-318A-4D07-B9DE-4B36422361BB}"
EndProject
Global
	GlobalSection(SolutionConfigurationPlatforms) = preSolution
		Debug|x64 = Debug|x64
		Debug|x86 = Debug|x86
		Release|x64 = Release|x64
		Release|x86 = Release|x86
	EndGlobalSection
	GlobalSection(ProjectConfigurationPlatforms) = postSolution
		{D60C7BAA-71FE-4202-A14A-A5D96C8AF619}.Debug|x64.ActiveCfg = Debug|x64
		{D60C7BAA-71FE-4202-A14A-A5D96C8AF619}.Debug|x64.Build.0 = Debug|x64
		{D60C7BAA-71FE-4202-A14A-A5D96C8AF619}.Debug|x86.ActiveCfg = Debug|Win32
		{D60C7BAA-71FE-4202-A14A-A5D96C8AF619}.Debug|x86.Build.0 = Debug|Win32
		{D60C7BAA-71FE-4202-A14A-A5D96C8AF619}.Release|x64.ActiveCfg = Release|x64
		{D60C7BAA-71FE-4202-A14A-A5D96C8AF619}.Release|x64.Build.0 = Release|x64
		{D60C7BAA-71FE-4202-A14A-A5D96C8AF619}.Release|x86.ActiveCfg = Release|Win32
		{D60C7BAA-71FE-4202-A14A-A5D96C8AF619}.Release|x86.Build.0 = Release|Win32
		{FBD23A00-8B90-482A-9208-1E53F78F4387}.Debug|x64.ActiveCfg = Debug|x64
		{FBD23A00-8B90-482A-9208-1E53F78F4387}.Debug|x64.Build.0 = Debug|x64
		{FBD23A00-8B90-482A-9208-1E53F78F4387}.Debug|x86.ActiveCfg = Debug|Win32
		{FBD23A00-8B90-482A-9208-1E53F78F4387}.Debug|x86.Build.0 = Debug|Win32
		{FBD23A00-8B90-482A-9208-1E53F78F4387}.Release|x64.ActiveCfg = Release|x64
		{FBD23A00-8B90-482A-9208-1E53F78F4387}.Release|x64.Build.0 = Release|x64
		{FBD23A00-8B90-482A-9208-1E53F78F4387}.Release|x86.ActiveCfg = Release|Win32
		{FBD23A00-8B90-482A-9208-1E53F78F4387}.Release|x86.Build.0 = Release|Win32
		{27252D96-4B7B-485F-A64B-17140931CDB5}.Debug|x64.ActiveCfg = Debug|x64
		{27252D96-4B7B-485F-A64B-17140931CDB5}.Debug|x64.Build.0 = Debug|x64
		{27252D96-4B7B-485F-A64B-17140931CDB5}.Debug|x86.ActiveCfg = Debug|Win32
		{27252D96-4B7B-485F-A64B-17140931CDB5}.Debug|x86.Build.0 = Debug|Win32
		{27252D96-4B7B-485F-A64B-17140931CDB5}.Release|x64.ActiveCfg = Release|x64
		{27252D96-4B7B-485F-A64B-17140931CDB5}.Release|x64.Build.0 = Release|x64
		{27252D96-4B7B-485F-A64B-17140931CDB5}.Release|x86.ActiveCfg = Release|Win32
		{27252D96-4B7B-485F-A64B-17140931CDB5}.Release|x86.Build.0 = Release|Win32
		{DB465AFD-B9B8-428D-A37B-496D8A1839B0}.Debug|x64.ActiveCfg = Debug|x64
		{DB465AFD-B9B8-428D-A37B-496D8A1839B0}.Debug|x64.Build.0 = Debug|x64
		{DB465AFD-B9B8-428D-A37B-496D8A1839B0}.Debug|x86.ActiveCfg = Debug|Win32
		{DB465AFD-B9B8-428D-A37B-496D8A1839B0}.Debug|x86.Build.0 = Debug|Win32
		{DB465AFD-B9B8-428D-A37B-496D8A1839B0}.Release|x64.ActiveCfg = Release|x64
		{DB465AFD-B9B8-428D-A37B-496D8A1839B0}.Release|x64.Build.0 = Release|x64
		{DB465AFD-B9B8-428D-A37B-496D8A1839B0}.Release|x86.ActiveCfg = Release|Win32
		{DB465AFD-B9B8-428D-A37B-496D8A1839B0}.Release|x86.Build.0 = Release|Win32
		{61BC1720-19B1-430B-94CB-A67CBFE61D77}.Debug|x64.ActiveCfg = Debug|x64
		{61BC1720-19B1-430B-94CB-A67CBFE61D77}.Debug|x64.Build.0 = Debug|x64
		{61BC1720-19B1-430B-94CB-A67CBFE61D77}.Debug|x86.ActiveCfg = Debug|Win32
		{61BC1720-19B1-430B-94CB-A67CBFE61D77}.Debug|x86.Build.0 = Debug|Win32
		{61BC1720-19B1-430B-94CB-A67CBFE61D77}.Release|x64.ActiveCfg = Release|x64
		{61BC1720-19B1-430B-94CB-A67CBFE61D77}.Release|x64.Build.0 = Release|x64
		{61BC1720-19B1-430B-94CB-A67CBFE61D77}.Release|x86.ActiveCfg = Release|Win32
		{61BC1720-19B1-430B-94CB-A67CBFE61D77}.Release|x86.Build.0 = Release|Win32
		{EB96218F-035A-4C7D-AF48-BCD25BB6ED66}.Debug|x64.ActiveCfg = Debug|x64
		{EB96218F-035A-4C7D-AF48-BCD25BB6ED66}.Debug|x64.Build.0 = Debug|x64
		{EB96218F-035A-4C7D-AF48-BCD25BB6ED66}.Debug|x86.ActiveCfg = Debug|Win32
		{EB96218F-035A-4C7D-AF48-BCD25BB6ED66}.Debug|x86.Build.0 = Debug|Win32
		{EB96218F-035A-4C7D-AF48-BCD25BB6ED66}.Release|x64.ActiveCfg = Release|x64
		{EB96218F-035A-4C7D-AF48-BCD25BB6ED66}.Release|x64.Build.0 = Release|x64
		{EB96218F-035A-4C7D-AF48-BCD25BB6ED66}.Release|x86.ActiveCfg = Release|Win32
		{EB96218F-035A-4C7D-AF48-BCD25BB6ED66}.Release|x86.Build.0 = Release|Win32
		{9FD09CD7-4E13-429D-9BAA-126A489FF3E4}.Debug|x64.ActiveCfg = Debug|x64
		{9FD09CD7-4E13-429D-9BAA-126A489FF3E4}.Debug|x64.Build.0 = Debug|x64
		{9FD09CD7-4E13-429D-9BAA-126A489FF3E4}.Debug|x86.ActiveCfg = Debug|Win32
		{9FD09CD7-4E13-429D-9BAA-126A489FF3E4}.Debug|x86.Build.0 = Debug|Win32
		{9FD09CD7-4E13-429D-9BAA-126A489FF3E4}.Release|x64.ActiveCfg = Release|x64
		{9FD09CD7-4E13-429D-9BAA-126A489FF3E4}.Release|x64.Build.0 = Release|x64
		{9FD09CD7-4E13-429D-9BAA-126A489FF3E4}.Release|x86.ActiveCfg = Release|Win32
		{9FD09CD7-4E13-429D-9BAA-126A489FF3E4}.Release|x86.Build.0 = Release|Win32
		{B90987DB-9318-498F-8B5A-294DAE4347AF}.Debug|x64.ActiveCfg = Debug|x64
		{B90987DB-9318-498F-8B5A-294DAE4347AF}.Debug|x64.Build.0 = Debug|x64
		{B90987DB-9318-498F-8B5A-294DAE4347AF}.Debug|x86.ActiveCfg = Debug|Win32
		{B90987DB-9318-498F-8B5A-294DAE4347AF}.Debug|x86.Build.0 = Debug|Win32
		{B90987DB-9318-498F-8B5A-294DAE4347AF}.Release|x64.ActiveCfg = Release|x64
		{B90987DB-9318-498F-8B5A-294DAE4347AF}.Release|x64.Build.0 = Release|x64
		{B90987DB-9318-498F-8B5A-294DAE4347AF}.Release|x86.ActiveCfg = Release|Win32
		{B90987DB-9318-498F-8B5A-294DAE4347AF}.Release|x86.Build.0 = Release|Win32
		{AF69658E-B383-4C78-8B7B-8FD4308A13D9}.Debug|x64.ActiveCfg = Debug|x64
		{AF69658E-B383-4C78-8B7B-8FD4308A13D9}.Debug|x64.Build.0 = Debug|x64
		{AF69658E-B383-4C78-8B7B-8FD4308A13D9}.Debug|x86.ActiveCfg = Debug|Win32
		{AF69658E-B383-4C78-8B7B-8FD4308A13D9}.Debug|x86.Build.0 = Debug|Win32
		{AF69658E-B383-4C78-8B7B-8FD4308A13D9}.Release|x64.ActiveCfg = Release|x64
		{AF69658E-B383-4C78-8B7B-8FD4308A13D9}.Release|x64.Build.0 = Release|x64
		{AF69658E-B383-4C78-8B7B-8FD4308A13D9}.Release|x86.ActiveCfg = Release|Win32
		{AF69658E-B383-4C78-8B7B-8FD4308A13D9}.Release|x86.Build.0 = Release|Win32
		{C7104B9C-318A-4D07-B9DE-4B36422361BB}.Debug|x64.ActiveCfg = Debug|x64
		{C7104B9C-318A-4D07-B9DE-4B36422361BB}.Debug|x64.Build.0 = Debug|x64
		{C7104B9C-318A-4D07-B9DE-4B36422361BB}.Debug|x86.ActiveCfg = Debug|Win32
		{C7104B9C-318A-4D07-B9DE-4B36422361BB}.Debug|x86.Build.0 = Debug|Win32
		{C7104B9C-318A-4D07-B9DE-4B36422361BB}.Release|x64.ActiveCfg = Release|x64
		{C7104B9C-318A-4D07-B9DE-4B36422361BB}.Release|x64.Build.0 = Release|x64
		{C7104B9C-318A-4D07-B9DE-4B36422361BB}.Release|x86.ActiveCfg = Release|Win32
		{C7104B9C-318A-4D07-B9DE-4B36422361BB}.Release|x86.Build.0 = Release|Win32
	EndGlobalSection
	GlobalSection(SolutionProperties) = preSolution
		HideSolutionNode = FALSE
	EndGlobalSection
	GlobalSection(NestedProjects) = preSolution
		{D60C7BAA-71FE-4202-A14A-A5D96C8AF619} = {924EF2A1-509F-4793-AA0B-DF803ADE1208}
		{FBD23A00-8B90-482A-9208-1E53F78F4387} = {924EF2A1-509F-4793-AA0B-DF803ADE1208}
		{27252D96-4B7B-485F-A64B-17140931CDB5} = {924EF2A1-509F-4793-AA0B-DF803ADE1208}
		{DB465AFD-B9B8-428D-A37B-496D8A1839B0} = {924EF2A1-509F-4793-AA0B-DF803ADE1208}
		{61BC1720-19B1-430B-94CB-A67CBFE61D77} = {924EF2A1-509F-4793-AA0B-DF803ADE1208}
		{EB96218F-035A-4C7D-AF48-BCD25BB6ED66} = {0E729174-FAE1-4E69-A905-01AB4D5C5B9F}
		{9FD09CD7-4E13-429D-9BAA-126A489FF3E4} = {0E729174-FAE1-4E69-A905-01AB4D5C5B9F}
		{B90987DB-9318-498F-8B5A-294DAE4347AF} = {0E729174-FAE1-4E69-A905-01AB4D5C5B9F}
		{AF69658E-B383-4C78-8B7B-8FD4308A13D9} = {0E729174-FAE1-4E69-A905-01AB4D5C5B9F}
		{C7104B9C-318A-4D07-B9DE-4B36422361BB} = {0E729174-FAE1-4E69-A905-01AB4D5C5B9F}
	EndGlobalSection
	GlobalSection(ExtensibilityGlobals) = postSolution
		SolutionGuid = {22843117-1412-4A93-878D-A66FC9DAC383}
	EndGlobalSection
EndGlobal
