<?xml version="1.0" encoding="utf-8"?>
<Project ToolsVersion="4.0" xmlns="http://schemas.microsoft.com/developer/msbuild/2003">
  <ItemGroup>
    <ClCompile Include="$(MonoSourceLocation)\mono\mini\mini-windows-dllmain.c" />
    <ClCompile Include="$(MonoSourceLocation)\mono\eglib\garray.c" />
    <ClCompile Include="$(MonoSourceLocation)\mono\eglib\gbytearray.c" />
    <ClCompile Include="$(MonoSourceLocation)\mono\eglib\gerror.c" />
    <ClCompile Include="$(MonoSourceLocation)\mono\eglib\ghashtable.c" />
    <ClCompile Include="$(MonoSourceLocation)\mono\eglib\giconv.c" />
    <ClCompile Include="$(MonoSourceLocation)\mono\eglib\gmem.c" />
    <ClCompile Include="$(MonoSourceLocation)\mono\eglib\goutput.c" />
    <ClCompile Include="$(MonoSourceLocation)\mono\eglib\gqsort.c" />
    <ClCompile Include="$(MonoSourceLocation)\mono\eglib\gstr.c" />
    <ClCompile Include="$(MonoSourceLocation)\mono\eglib\gslist.c" />
    <ClCompile Include="$(MonoSourceLocation)\mono\eglib\gstring.c" />
    <ClCompile Include="$(MonoSourceLocation)\mono\eglib\gptrarray.c" />
    <ClCompile Include="$(MonoSourceLocation)\mono\eglib\glist.c" />
    <ClCompile Include="$(MonoSourceLocation)\mono\eglib\gqueue.c" />
    <ClCompile Include="$(MonoSourceLocation)\mono\eglib\gpath.c" />
    <ClCompile Include="$(MonoSourceLocation)\mono\eglib\gshell.c" />
    <ClCompile Include="$(MonoSourceLocation)\mono\eglib\gspawn.c" />
    <ClCompile Include="$(MonoSourceLocation)\mono\eglib\gfile.c" />
    <ClCompile Include="$(MonoSourceLocation)\mono\eglib\gfile-posix.c" />
    <ClCompile Include="$(MonoSourceLocation)\mono\eglib\gpattern.c" />
    <ClCompile Include="$(MonoSourceLocation)\mono\eglib\gmarkup.c" />
    <ClCompile Include="$(MonoSourceLocation)\mono\eglib\gutf8.c" />
    <ClCompile Include="$(MonoSourceLocation)\mono\eglib\gunicode.c" />
    <ClCompile Include="$(MonoSourceLocation)\mono\eglib\gdate-win32.c" />
    <ClCompile Include="$(MonoSourceLocation)\mono\eglib\gdir-win32.c" />
    <ClCompile Include="$(MonoSourceLocation)\mono\eglib\gfile-win32.c" />
    <ClCompile Include="$(MonoSourceLocation)\mono\eglib\gmisc-win32.c" />
    <ClCompile Include="$(MonoSourceLocation)\mono\eglib\gmodule-win32.c" />
    <ClCompile Include="$(MonoSourceLocation)\mono\eglib\gtimer-win32.c" />
    <ClCompile Include="$(MonoSourceLocation)\mono\eglib\gunicode-win32.c" />
    <ClCompile Include="$(MonoSourceLocation)\mono\eglib\gdate-unix.c" />
    <ClCompile Include="$(MonoSourceLocation)\mono\eglib\gdir-unix.c" />
    <ClCompile Include="$(MonoSourceLocation)\mono\eglib\gfile-unix.c" />
    <ClCompile Include="$(MonoSourceLocation)\mono\eglib\gmisc-unix.c" />
    <ClCompile Include="$(MonoSourceLocation)\mono\eglib\gmodule-unix.c" />
    <ClCompile Include="$(MonoSourceLocation)\mono\eglib\gtimer-unix.c" />
    <ClCompile Include="$(MonoSourceLocation)\mono\utils\mono-md5.c" />
    <ClCompile Include="$(MonoSourceLocation)\mono\utils\mono-sha1.c" />
    <ClCompile Include="$(MonoSourceLocation)\mono\utils\mono-logger.c" />
    <ClCompile Include="$(MonoSourceLocation)\mono\utils\mono-codeman.c" />
    <ClCompile Include="$(MonoSourceLocation)\mono\utils\dlmalloc.c" />
    <ClCompile Include="$(MonoSourceLocation)\mono\utils\mono-counters.c" />
    <ClCompile Include="$(MonoSourceLocation)\mono\utils\mono-dl.c" />
    <ClCompile Include="$(MonoSourceLocation)\mono\utils\mono-dl-windows.c" />
    <ClCompile Include="$(MonoSourceLocation)\mono\utils\mono-dl-darwin.c" />
    <ClCompile Include="$(MonoSourceLocation)\mono\utils\mono-dl-posix.c" />
    <ClCompile Include="$(MonoSourceLocation)\mono\utils\mono-dl-wasm.c" />
    <ClCompile Include="$(MonoSourceLocation)\mono\utils\mono-log-windows.c" />
    <ClCompile Include="$(MonoSourceLocation)\mono\utils\mono-log-common.c" />
    <ClCompile Include="$(MonoSourceLocation)\mono\utils\mono-log-posix.c" />
    <ClCompile Include="$(MonoSourceLocation)\mono\utils\mono-log-android.c" />
    <ClCompile Include="$(MonoSourceLocation)\mono\utils\mono-log-darwin.c" />
    <ClCompile Include="$(MonoSourceLocation)\mono\utils\mono-internal-hash.c" />
    <ClCompile Include="$(MonoSourceLocation)\mono\utils\mono-io-portability.c" />
    <ClCompile Include="$(MonoSourceLocation)\mono\utils\monobitset.c" />
    <ClCompile Include="$(MonoSourceLocation)\mono\utils\mono-filemap.c" />
    <ClCompile Include="$(MonoSourceLocation)\mono\utils\mono-math.c" />
    <ClCompile Include="$(MonoSourceLocation)\mono\utils\mono-mmap.c" />
    <ClCompile Include="$(MonoSourceLocation)\mono\utils\mono-mmap-windows.c" />
    <ClCompile Include="$(MonoSourceLocation)\mono\utils\mono-os-mutex.c" />
    <ClCompile Include="$(MonoSourceLocation)\mono\utils\mono-networkinterfaces.c" />
    <ClCompile Include="$(MonoSourceLocation)\mono\utils\mono-proclib.c" />
    <ClCompile Include="$(MonoSourceLocation)\mono\utils\mono-proclib-windows.c" />
    <ClCompile Include="$(MonoSourceLocation)\mono\utils\mono-publib.c" />
    <ClCompile Include="$(MonoSourceLocation)\mono\utils\mono-time.c" />
    <ClCompile Include="$(MonoSourceLocation)\mono\utils\strenc.c" />
    <ClCompile Include="$(MonoSourceLocation)\mono\utils\mono-uri.c" />
    <ClCompile Include="$(MonoSourceLocation)\mono\utils\mono-poll.c" />
    <ClCompile Include="$(MonoSourceLocation)\mono\utils\mono-path.c" />
    <ClCompile Include="$(MonoSourceLocation)\mono\utils\mono-stdlib.c" />
    <ClCompile Include="$(MonoSourceLocation)\mono\utils\mono-property-hash.c" />
    <ClCompile Include="$(MonoSourceLocation)\mono\utils\mono-value-hash.c" />
    <ClCompile Include="$(MonoSourceLocation)\mono\utils\mono-error.c" />
    <ClCompile Include="$(MonoSourceLocation)\mono\utils\mach-support.c" />
    <ClCompile Include="$(MonoSourceLocation)\mono\utils\mono-context.c" />
    <ClCompile Include="$(MonoSourceLocation)\mono\utils\hazard-pointer.c" />
    <ClCompile Include="$(MonoSourceLocation)\mono\utils\lock-free-queue.c" />
    <ClCompile Include="$(MonoSourceLocation)\mono\utils\lock-free-alloc.c" />
    <ClCompile Include="$(MonoSourceLocation)\mono\utils\lock-free-array-queue.c" />
    <ClCompile Include="$(MonoSourceLocation)\mono\utils\mono-linked-list-set.c" />
    <ClCompile Include="$(MonoSourceLocation)\mono\utils\mono-threads.c" />
    <ClCompile Include="$(MonoSourceLocation)\mono\utils\mono-threads-state-machine.c" />
    <ClCompile Include="$(MonoSourceLocation)\mono\utils\mono-threads-posix.c" />
    <ClCompile Include="$(MonoSourceLocation)\mono\utils\mono-threads-posix-signals.c" />
    <ClCompile Include="$(MonoSourceLocation)\mono\utils\mono-threads-mach.c" />
    <ClCompile Include="$(MonoSourceLocation)\mono\utils\mono-threads-mach-helper.c" />
    <ClCompile Include="$(MonoSourceLocation)\mono\utils\mono-threads-windows.c" />
    <ClCompile Include="$(MonoSourceLocation)\mono\utils\mono-threads-linux.c" />
    <ClCompile Include="$(MonoSourceLocation)\mono\utils\mono-threads-freebsd.c" />
    <ClCompile Include="$(MonoSourceLocation)\mono\utils\mono-threads-netbsd.c" />
    <ClCompile Include="$(MonoSourceLocation)\mono\utils\mono-threads-openbsd.c" />
    <ClCompile Include="$(MonoSourceLocation)\mono\utils\mono-threads-android.c" />
    <ClCompile Include="$(MonoSourceLocation)\mono\utils\mono-threads-haiku.c" />
    <ClCompile Include="$(MonoSourceLocation)\mono\utils\mono-threads-wasm.c" />
    <ClCompile Include="$(MonoSourceLocation)\mono\utils\mono-threads-coop.c" />
    <ClCompile Include="$(MonoSourceLocation)\mono\utils\mono-tls.c" />
    <ClCompile Include="$(MonoSourceLocation)\mono\utils\atomic.c" />
    <ClCompile Include="$(MonoSourceLocation)\mono\utils\mono-hwcap.c" />
    <ClCompile Include="$(MonoSourceLocation)\mono\utils\bsearch.c" />
    <ClCompile Include="$(MonoSourceLocation)\mono\utils\mono-conc-hashtable.c" />
    <ClCompile Include="$(MonoSourceLocation)\mono\utils\json.c" />
    <ClCompile Include="$(MonoSourceLocation)\mono\utils\networking.c" />
    <ClCompile Include="$(MonoSourceLocation)\mono\utils\networking-posix.c" />
    <ClCompile Include="$(MonoSourceLocation)\mono\utils\networking-fallback.c" />
    <ClCompile Include="$(MonoSourceLocation)\mono\utils\networking-missing.c" />
    <ClCompile Include="$(MonoSourceLocation)\mono\utils\networking-windows.c" />
    <ClCompile Include="$(MonoSourceLocation)\mono\utils\mono-rand.c" />
    <ClCompile Include="$(MonoSourceLocation)\mono\utils\mono-rand-windows.c" />
    <ClCompile Include="$(MonoSourceLocation)\mono\utils\memfuncs.c" />
    <ClCompile Include="$(MonoSourceLocation)\mono\utils\parse.c" />
    <ClCompile Include="$(MonoSourceLocation)\mono\utils\checked-build.c" />
    <ClCompile Include="$(MonoSourceLocation)\mono\utils\os-event-win32.c" />
    <ClCompile Include="$(MonoSourceLocation)\mono\utils\mono-os-wait-win32.c" />
    <ClCompile Include="$(MonoSourceLocation)\mono\utils\os-event-unix.c" />
    <ClCompile Include="$(MonoSourceLocation)\mono\utils\mach-support-x86.c" />
    <ClCompile Include="$(MonoSourceLocation)\mono\utils\mono-hwcap-x86.c" />
    <ClCompile Include="$(MonoSourceLocation)\mono\utils\mach-support-amd64.c" />
    <ClCompile Include="$(MonoSourceLocation)\mono\utils\mach-support-arm.c" />
    <ClCompile Include="$(MonoSourceLocation)\mono\utils\mono-hwcap-arm.c" />
    <ClCompile Include="$(MonoSourceLocation)\mono\utils\mach-support-arm64.c" />
    <ClCompile Include="$(MonoSourceLocation)\mono\utils\mono-hwcap-arm64.c" />
    <ClCompile Include="$(MonoSourceLocation)\mono\utils\mono-hwcap-mips.c" />
    <ClCompile Include="$(MonoSourceLocation)\mono\utils\mono-hwcap-ppc.c" />
    <ClCompile Include="$(MonoSourceLocation)\mono\utils\mono-hwcap-sparc.c" />
    <ClCompile Include="$(MonoSourceLocation)\mono\utils\mono-hwcap-os390x.c" />
    <ClCompile Include="$(MonoSourceLocation)\mono\utils\mono-hwcap-wasm.c" />
    <ClCompile Include="$(MonoSourceLocation)\mono\utils\mach-support-unknown.c" />
    <ClCompile Include="$(MonoSourceLocation)\mono\utils\mono-hwcap-cross.c" />
    <ClCompile Include="$(MonoSourceLocation)\mono\metadata\appdomain.c" />
    <ClCompile Include="$(MonoSourceLocation)\mono\metadata\domain.c" />
    <ClCompile Include="$(MonoSourceLocation)\mono\metadata\assembly.c" />
    <ClCompile Include="$(MonoSourceLocation)\mono\metadata\attach.c" />
    <ClCompile Include="$(MonoSourceLocation)\mono\metadata\class.c" />
    <ClCompile Include="$(MonoSourceLocation)\mono\metadata\class-accessors.c" />
    <ClCompile Include="$(MonoSourceLocation)\mono\metadata\cominterop.c" />
    <ClCompile Include="$(MonoSourceLocation)\mono\metadata\coree.c" />
    <ClCompile Include="$(MonoSourceLocation)\mono\metadata\debug-helpers.c" />
    <ClCompile Include="$(MonoSourceLocation)\mono\metadata\debug-mono-symfile.c" />
    <ClCompile Include="$(MonoSourceLocation)\mono\metadata\debug-mono-ppdb.c" />
    <ClCompile Include="$(MonoSourceLocation)\mono\metadata\decimal-ms.c" />
    <ClCompile Include="$(MonoSourceLocation)\mono\metadata\environment.c" />
    <ClCompile Include="$(MonoSourceLocation)\mono\metadata\exception.c" />
    <ClCompile Include="$(MonoSourceLocation)\mono\metadata\w32file.c" />
    <ClCompile Include="$(MonoSourceLocation)\mono\metadata\filewatcher.c" />
    <ClCompile Include="$(MonoSourceLocation)\mono\metadata\icall.c" />
    <ClCompile Include="$(MonoSourceLocation)\mono\metadata\image.c" />
    <ClCompile Include="$(MonoSourceLocation)\mono\metadata\jit-info.c" />
    <ClCompile Include="$(MonoSourceLocation)\mono\metadata\loader.c" />
    <ClCompile Include="$(MonoSourceLocation)\mono\metadata\locales.c" />
    <ClCompile Include="$(MonoSourceLocation)\mono\metadata\lock-tracer.c" />
    <ClCompile Include="$(MonoSourceLocation)\mono\metadata\marshal.c" />
    <ClCompile Include="$(MonoSourceLocation)\mono\metadata\mempool.c" />
    <ClCompile Include="$(MonoSourceLocation)\mono\metadata\metadata.c" />
    <ClCompile Include="$(MonoSourceLocation)\mono\metadata\metadata-verify.c" />
    <ClCompile Include="$(MonoSourceLocation)\mono\metadata\method-builder.c" />
    <ClCompile Include="$(MonoSourceLocation)\mono\metadata\mono-basic-block.c" />
    <ClCompile Include="$(MonoSourceLocation)\mono\metadata\mono-config.c" />
    <ClCompile Include="$(MonoSourceLocation)\mono\metadata\mono-debug.c" />
    <ClCompile Include="$(MonoSourceLocation)\mono\metadata\mono-endian.c" />
    <ClCompile Include="$(MonoSourceLocation)\mono\metadata\mono-hash.c" />
    <ClCompile Include="$(MonoSourceLocation)\mono\metadata\mono-conc-hash.c" />
    <ClCompile Include="$(MonoSourceLocation)\mono\metadata\mono-mlist.c" />
    <ClCompile Include="$(MonoSourceLocation)\mono\metadata\mono-perfcounters.c" />
    <ClCompile Include="$(MonoSourceLocation)\mono\metadata\mono-route.c" />
    <ClCompile Include="$(MonoSourceLocation)\mono\metadata\number-ms.c" />
    <ClCompile Include="$(MonoSourceLocation)\mono\metadata\object.c" />
    <ClCompile Include="$(MonoSourceLocation)\mono\metadata\opcodes.c" />
    <ClCompile Include="$(MonoSourceLocation)\mono\metadata\property-bag.c" />
    <ClCompile Include="$(MonoSourceLocation)\mono\metadata\w32socket.c" />
    <ClCompile Include="$(MonoSourceLocation)\mono\metadata\w32process.c" />
    <ClCompile Include="$(MonoSourceLocation)\mono\metadata\profiler.c" />
    <ClCompile Include="$(MonoSourceLocation)\mono\metadata\rand.c" />
    <ClCompile Include="$(MonoSourceLocation)\mono\metadata\remoting.c" />
    <ClCompile Include="$(MonoSourceLocation)\mono\metadata\runtime.c" />
    <ClCompile Include="$(MonoSourceLocation)\mono\metadata\mono-security.c" />
    <ClCompile Include="$(MonoSourceLocation)\mono\metadata\security-core-clr.c" />
    <ClCompile Include="$(MonoSourceLocation)\mono\metadata\security-manager.c" />
    <ClCompile Include="$(MonoSourceLocation)\mono\metadata\string-icalls.c" />
    <ClCompile Include="$(MonoSourceLocation)\mono\metadata\etw-profiler.c" />
    <ClCompile Include="$(MonoSourceLocation)\mono\metadata\sysmath.c" />
    <ClCompile Include="$(MonoSourceLocation)\mono\metadata\threads.c" />
    <ClCompile Include="$(MonoSourceLocation)\mono\metadata\threadpool.c" />
    <ClCompile Include="$(MonoSourceLocation)\mono\metadata\threadpool-worker-default.c" />
    <ClCompile Include="$(MonoSourceLocation)\mono\metadata\threadpool-io.c" />
    <ClCompile Include="$(MonoSourceLocation)\mono\metadata\verify.c" />
    <ClCompile Include="$(MonoSourceLocation)\mono\metadata\dynamic-stream.c" />
    <ClCompile Include="$(MonoSourceLocation)\mono\metadata\file-mmap-posix.c" />
    <ClCompile Include="$(MonoSourceLocation)\mono\metadata\file-mmap-windows.c" />
    <ClCompile Include="$(MonoSourceLocation)\mono\metadata\metadata-cross-helpers.c" />
    <ClCompile Include="$(MonoSourceLocation)\mono\metadata\seq-points-data.c" />
    <ClCompile Include="$(MonoSourceLocation)\mono\metadata\handle.c" />
    <ClCompile Include="$(MonoSourceLocation)\mono\metadata\w32handle-namespace.c" />
    <ClCompile Include="$(MonoSourceLocation)\mono\metadata\w32handle.c" />
    <ClCompile Include="$(MonoSourceLocation)\mono\metadata\reflection.c" />
    <ClCompile Include="$(MonoSourceLocation)\mono\metadata\dynamic-image.c" />
    <ClCompile Include="$(MonoSourceLocation)\mono\metadata\sre.c" />
    <ClCompile Include="$(MonoSourceLocation)\mono\metadata\sre-encode.c" />
    <ClCompile Include="$(MonoSourceLocation)\mono\metadata\sre-save.c" />
    <ClCompile Include="$(MonoSourceLocation)\mono\metadata\custom-attrs.c" />
    <ClCompile Include="$(MonoSourceLocation)\mono\metadata\fdhandle.c" />
    <ClCompile Include="$(MonoSourceLocation)\mono\metadata\callspec.c" />
    <ClCompile Include="$(MonoSourceLocation)\mono\metadata\mono-config-dirs.c" />
    <ClCompile Include="$(MonoSourceLocation)\mono\metadata\console-null.c" />
    <ClCompile Include="$(MonoSourceLocation)\mono\metadata\null-gc.c" />
    <ClCompile Include="$(MonoSourceLocation)\mono\metadata\null-gc-handles.c" />
    <ClCompile Include="$(MonoSourceLocation)\mono\metadata\gc-stats.c" />
    <ClCompile Include="$(MonoSourceLocation)\mono\metadata\gc.c" />
    <ClCompile Include="$(MonoSourceLocation)\mono\metadata\monitor.c" />
    <ClCompile Include="$(MonoSourceLocation)\mono\metadata\boehm-gc.c" />
    <ClCompile Include="$(MonoSourceLocation)\mono\metadata\sgen-bridge.c" />
    <ClCompile Include="$(MonoSourceLocation)\mono\metadata\sgen-old-bridge.c" />
    <ClCompile Include="$(MonoSourceLocation)\mono\metadata\sgen-new-bridge.c" />
    <ClCompile Include="$(MonoSourceLocation)\mono\metadata\sgen-tarjan-bridge.c" />
    <ClCompile Include="$(MonoSourceLocation)\mono\metadata\sgen-toggleref.c" />
    <ClCompile Include="$(MonoSourceLocation)\mono\metadata\sgen-stw.c" />
    <ClCompile Include="$(MonoSourceLocation)\mono\metadata\sgen-mono.c" />
    <ClCompile Include="$(MonoSourceLocation)\mono\metadata\console-win32.c" />
    <ClCompile Include="$(MonoSourceLocation)\mono\metadata\w32file-win32.c" />
    <ClCompile Include="$(MonoSourceLocation)\mono\metadata\icall-windows.c" />
    <ClCompile Include="$(MonoSourceLocation)\mono\metadata\marshal-windows.c" />
    <ClCompile Include="$(MonoSourceLocation)\mono\metadata\mono-security-windows.c" />
    <ClCompile Include="$(MonoSourceLocation)\mono\metadata\w32mutex-win32.c" />
    <ClCompile Include="$(MonoSourceLocation)\mono\metadata\w32semaphore-win32.c" />
    <ClCompile Include="$(MonoSourceLocation)\mono\metadata\w32event-win32.c" />
    <ClCompile Include="$(MonoSourceLocation)\mono\metadata\w32process-win32.c" />
    <ClCompile Include="$(MonoSourceLocation)\mono\metadata\w32socket-win32.c" />
    <ClCompile Include="$(MonoSourceLocation)\mono\metadata\w32error-win32.c" />
    <ClCompile Include="$(MonoSourceLocation)\mono\metadata\console-unix.c" />
    <ClCompile Include="$(MonoSourceLocation)\mono\metadata\w32mutex-unix.c" />
    <ClCompile Include="$(MonoSourceLocation)\mono\metadata\w32semaphore-unix.c" />
    <ClCompile Include="$(MonoSourceLocation)\mono\metadata\w32event-unix.c" />
    <ClCompile Include="$(MonoSourceLocation)\mono\metadata\w32process-unix.c" />
    <ClCompile Include="$(MonoSourceLocation)\mono\metadata\w32process-unix-osx.c" />
    <ClCompile Include="$(MonoSourceLocation)\mono\metadata\w32process-unix-bsd.c" />
    <ClCompile Include="$(MonoSourceLocation)\mono\metadata\w32process-unix-haiku.c" />
    <ClCompile Include="$(MonoSourceLocation)\mono\metadata\w32process-unix-default.c" />
    <ClCompile Include="$(MonoSourceLocation)\mono\metadata\w32socket-unix.c" />
    <ClCompile Include="$(MonoSourceLocation)\mono\metadata\w32file-unix.c" />
    <ClCompile Include="$(MonoSourceLocation)\mono\metadata\w32file-unix-glob.c" />
    <ClCompile Include="$(MonoSourceLocation)\mono\metadata\w32error-unix.c" />
    <ClCompile Include="$(MonoSourceLocation)\mono\metadata\unity-liveness.c" />
    <ClCompile Include="$(MonoSourceLocation)\mono\metadata\unity-memory-info.c" />
    <ClCompile Include="$(MonoSourceLocation)\mono\metadata\unity-utils.c" />
    <ClCompile Include="$(MonoSourceLocation)\mono\metadata\unity-icall.c" />
    <ClCompile Include="$(MonoSourceLocation)\mono\metadata\oop.c" />
    <ClCompile Include="$(MonoSourceLocation)\mono\mini\mini.c" />
    <ClCompile Include="$(MonoSourceLocation)\mono\mini\mini-runtime.c" />
    <ClCompile Include="$(MonoSourceLocation)\mono\mini\seq-points.c" />
    <ClCompile Include="$(MonoSourceLocation)\mono\mini\method-to-ir.c" />
    <ClCompile Include="$(MonoSourceLocation)\mono\mini\cfgdump.c" />
    <ClCompile Include="$(MonoSourceLocation)\mono\mini\decompose.c" />
    <ClCompile Include="$(MonoSourceLocation)\mono\mini\jit-icalls.c" />
    <ClCompile Include="$(MonoSourceLocation)\mono\mini\trace.c" />
    <ClCompile Include="$(MonoSourceLocation)\mono\mini\dominators.c" />
    <ClCompile Include="$(MonoSourceLocation)\mono\mini\cfold.c" />
    <ClCompile Include="$(MonoSourceLocation)\mono\mini\helpers.c" />
    <ClCompile Include="$(MonoSourceLocation)\mono\mini\liveness.c" />
    <ClCompile Include="$(MonoSourceLocation)\mono\mini\ssa.c" />
    <ClCompile Include="$(MonoSourceLocation)\mono\mini\abcremoval.c" />
    <ClCompile Include="$(MonoSourceLocation)\mono\mini\local-propagation.c" />
    <ClCompile Include="$(MonoSourceLocation)\mono\mini\driver.c" />
    <ClCompile Include="$(MonoSourceLocation)\mono\mini\debug-mini.c" />
    <ClCompile Include="$(MonoSourceLocation)\mono\mini\linear-scan.c" />
    <ClCompile Include="$(MonoSourceLocation)\mono\mini\aot-compiler.c" />
    <ClCompile Include="$(MonoSourceLocation)\mono\mini\aot-runtime.c" />
    <ClCompile Include="$(MonoSourceLocation)\mono\mini\aot-runtime-wasm.c" />
    <ClCompile Include="$(MonoSourceLocation)\mono\mini\graph.c" />
    <ClCompile Include="$(MonoSourceLocation)\mono\mini\mini-codegen.c" />
    <ClCompile Include="$(MonoSourceLocation)\mono\mini\mini-exceptions.c" />
    <ClCompile Include="$(MonoSourceLocation)\mono\mini\mini-trampolines.c" />
    <ClCompile Include="$(MonoSourceLocation)\mono\mini\branch-opts.c" />
    <ClCompile Include="$(MonoSourceLocation)\mono\mini\mini-generic-sharing.c" />
    <ClCompile Include="$(MonoSourceLocation)\mono\mini\tasklets.c" />
    <ClCompile Include="$(MonoSourceLocation)\mono\mini\mini-native-types.c" />
    <ClCompile Include="$(MonoSourceLocation)\mono\mini\simd-intrinsics.c" />
    <ClCompile Include="$(MonoSourceLocation)\mono\mini\unwind.c" />
    <ClCompile Include="$(MonoSourceLocation)\mono\mini\image-writer.c" />
    <ClCompile Include="$(MonoSourceLocation)\mono\mini\dwarfwriter.c" />
    <ClCompile Include="$(MonoSourceLocation)\mono\mini\mini-gc.c" />
    <ClCompile Include="$(MonoSourceLocation)\mono\mini\debugger-agent.c" />
    <ClCompile Include="$(MonoSourceLocation)\mono\mini\dnSpy.c" />
    <ClCompile Include="$(MonoSourceLocation)\mono\mini\xdebug.c" />
    <ClCompile Include="$(MonoSourceLocation)\mono\mini\alias-analysis.c" />
    <ClCompile Include="$(MonoSourceLocation)\mono\mini\mini-cross-helpers.c" />
    <ClCompile Include="$(MonoSourceLocation)\mono\mini\arch-stubs.c" />
    <ClCompile Include="$(MonoSourceLocation)\mono\mini\type-checking.c" />
    <ClCompile Include="$(MonoSourceLocation)\mono\mini\lldb.c" />
    <ClCompile Include="$(MonoSourceLocation)\mono\mini\memory-access.c" />
    <ClCompile Include="$(MonoSourceLocation)\mono\mini\mini-profiler.c" />
    <ClCompile Include="$(MonoSourceLocation)\mono\mini\interp-stubs.c" />
    <ClCompile Include="$(MonoSourceLocation)\mono\mini\mini-windows.c" />
    <ClCompile Include="$(MonoSourceLocation)\mono\mini\mini-darwin.c" />
    <ClCompile Include="$(MonoSourceLocation)\mono\mini\mini-posix.c" />
    <ClCompile Include="$(MonoSourceLocation)\mono\mini\mini-wasm.c" />
    <ClCompile Include="$(MonoSourceLocation)\mono\mini\exceptions-wasm.c" />
    <ClCompile Include="$(MonoSourceLocation)\mono\mini\tramp-wasm.c" />
    <ClCompile Include="$(MonoSourceLocation)\mono\mini\mini-x86.c" />
    <ClCompile Include="$(MonoSourceLocation)\mono\mini\exceptions-x86.c" />
    <ClCompile Include="$(MonoSourceLocation)\mono\mini\tramp-x86.c" />
    <ClCompile Include="$(MonoSourceLocation)\mono\mini\mini-x86-gsharedvt.c" />
    <ClCompile Include="$(MonoSourceLocation)\mono\mini\tramp-x86-gsharedvt.c" />
    <ClCompile Include="$(MonoSourceLocation)\mono\mini\mini-amd64.c" />
    <ClCompile Include="$(MonoSourceLocation)\mono\mini\exceptions-amd64.c" />
    <ClCompile Include="$(MonoSourceLocation)\mono\mini\tramp-amd64.c" />
    <ClCompile Include="$(MonoSourceLocation)\mono\mini\mini-amd64-gsharedvt.c" />
    <ClCompile Include="$(MonoSourceLocation)\mono\mini\tramp-amd64-gsharedvt.c" />
    <ClCompile Include="$(MonoSourceLocation)\mono\mini\mini-ppc.c" />
    <ClCompile Include="$(MonoSourceLocation)\mono\mini\exceptions-ppc.c" />
    <ClCompile Include="$(MonoSourceLocation)\mono\mini\tramp-ppc.c" />
    <ClCompile Include="$(MonoSourceLocation)\mono\mini\mini-arm.c" />
    <ClCompile Include="$(MonoSourceLocation)\mono\mini\exceptions-arm.c" />
    <ClCompile Include="$(MonoSourceLocation)\mono\mini\tramp-arm.c" />
    <ClCompile Include="$(MonoSourceLocation)\mono\mini\mini-arm-gsharedvt.c" />
    <ClCompile Include="$(MonoSourceLocation)\mono\mini\tramp-arm-gsharedvt.c" />
    <ClCompile Include="$(MonoSourceLocation)\mono\mini\mini-arm64.c" />
    <ClCompile Include="$(MonoSourceLocation)\mono\mini\exceptions-arm64.c" />
    <ClCompile Include="$(MonoSourceLocation)\mono\mini\tramp-arm64.c" />
    <ClCompile Include="$(MonoSourceLocation)\mono\mini\mini-arm64-gsharedvt.c" />
    <ClCompile Include="$(MonoSourceLocation)\mono\mini\tramp-arm64-gsharedvt.c" />
    <ClCompile Include="$(MonoSourceLocation)\mono\mini\mini-mips.c" />
    <ClCompile Include="$(MonoSourceLocation)\mono\mini\exceptions-mips.c" />
    <ClCompile Include="$(MonoSourceLocation)\mono\mini\tramp-mips.c" />
    <ClCompile Include="$(MonoSourceLocation)\mono\mini\mini-sparc.c" />
    <ClCompile Include="$(MonoSourceLocation)\mono\mini\exceptions-sparc.c" />
    <ClCompile Include="$(MonoSourceLocation)\mono\mini\tramp-sparc.c" />
    <ClCompile Include="$(MonoSourceLocation)\mono\mini\mini-s390x.c" />
    <ClCompile Include="$(MonoSourceLocation)\mono\mini\exceptions-s390x.c" />
    <ClCompile Include="$(MonoSourceLocation)\mono\mini\tramp-s390x.c" />
    <ClCompile Include="$(MonoSourceLocation)\mono\mini\interp\interp.c" />
    <ClCompile Include="$(MonoSourceLocation)\mono\mini\interp\mintops.c" />
    <ClCompile Include="$(MonoSourceLocation)\mono\mini\interp\transform.c" />
    <ClCompile Include="$(MonoSourceLocation)\mono\mini\mini-llvm-loaded.c" />
    <ClCompile Include="$(MonoSourceLocation)\mono\mini\mini-llvm.c" />
    <ClCompile Include="$(MonoSourceLocation)\mono\mini\llvm-runtime.cpp" />
    <ClCompile Include="$(MonoSourceLocation)\mono\mini\mini-llvm-cpp.cpp" />
    <ClCompile Include="$(MonoSourceLocation)\mono\mini\llvm-jit.cpp" />
    <ClCompile Include="$(MonoSourceLocation)\mono\mini\mini-unity.c" />
    <ClCompile Include="$(MonoSourceLocation)\mono\mini\mixed_callstack_plugin.c" />
    <ClCompile Include="$(MonoSourceLocation)\mono\sgen\sgen-alloc.c" />
    <ClCompile Include="$(MonoSourceLocation)\mono\sgen\sgen-cardtable.c" />
    <ClCompile Include="$(MonoSourceLocation)\mono\sgen\sgen-debug.c" />
    <ClCompile Include="$(MonoSourceLocation)\mono\sgen\sgen-descriptor.c" />
    <ClCompile Include="$(MonoSourceLocation)\mono\sgen\sgen-fin-weak-hash.c" />
    <ClCompile Include="$(MonoSourceLocation)\mono\sgen\sgen-gc.c" />
    <ClCompile Include="$(MonoSourceLocation)\mono\sgen\sgen-gchandles.c" />
    <ClCompile Include="$(MonoSourceLocation)\mono\sgen\sgen-gray.c" />
    <ClCompile Include="$(MonoSourceLocation)\mono\sgen\sgen-hash-table.c" />
    <ClCompile Include="$(MonoSourceLocation)\mono\sgen\sgen-internal.c" />
    <ClCompile Include="$(MonoSourceLocation)\mono\sgen\sgen-layout-stats.c" />
    <ClCompile Include="$(MonoSourceLocation)\mono\sgen\sgen-los.c" />
    <ClCompile Include="$(MonoSourceLocation)\mono\sgen\sgen-marksweep.c" />
    <ClCompile Include="$(MonoSourceLocation)\mono\sgen\sgen-memory-governor.c" />
    <ClCompile Include="$(MonoSourceLocation)\mono\sgen\sgen-nursery-allocator.c" />
    <ClCompile Include="$(MonoSourceLocation)\mono\sgen\sgen-pinning-stats.c" />
    <ClCompile Include="$(MonoSourceLocation)\mono\sgen\sgen-pinning.c" />
    <ClCompile Include="$(MonoSourceLocation)\mono\sgen\sgen-pointer-queue.c" />
    <ClCompile Include="$(MonoSourceLocation)\mono\sgen\sgen-array-list.c" />
    <ClCompile Include="$(MonoSourceLocation)\mono\sgen\sgen-protocol.c" />
    <ClCompile Include="$(MonoSourceLocation)\mono\sgen\sgen-qsort.c" />
    <ClCompile Include="$(MonoSourceLocation)\mono\sgen\sgen-simple-nursery.c" />
    <ClCompile Include="$(MonoSourceLocation)\mono\sgen\sgen-split-nursery.c" />
    <ClCompile Include="$(MonoSourceLocation)\mono\sgen\sgen-thread-pool.c" />
    <ClCompile Include="$(MonoSourceLocation)\mono\sgen\sgen-workers.c" />
  </ItemGroup>
  <ItemGroup>
    <ClInclude Include="$(MonoSourceLocation)\mono\eglib\eglib-remap.h" />
    <ClInclude Include="$(MonoSourceLocation)\mono\eglib\sort.frag.h" />
    <ClInclude Include="$(MonoSourceLocation)\mono\eglib\glib.h" />
    <ClInclude Include="$(MonoSourceLocation)\mono\eglib\gmodule.h" />
    <ClInclude Include="$(MonoSourceLocation)\mono\eglib\unicode-data.h" />
    <ClInclude Include="$(MonoSourceLocation)\mono\eglib\gmodule-win32-internals.h" />
    <ClInclude Include="$(MonoSourceLocation)\mono\utils\mono-logger-internals.h" />
    <ClInclude Include="$(MonoSourceLocation)\mono\utils\dlmalloc.h" />
    <ClInclude Include="$(MonoSourceLocation)\mono\utils\mono-compiler.h" />
    <ClInclude Include="$(MonoSourceLocation)\mono\utils\mono-complex.h" />
    <ClInclude Include="$(MonoSourceLocation)\mono\utils\mono-dl.h" />
    <ClInclude Include="$(MonoSourceLocation)\mono\utils\mono-dl-windows-internals.h" />
    <ClInclude Include="$(MonoSourceLocation)\mono\utils\mono-internal-hash.h" />
    <ClInclude Include="$(MonoSourceLocation)\mono\utils\mono-io-portability.h" />
    <ClInclude Include="$(MonoSourceLocation)\mono\utils\mono-mmap.h" />
    <ClInclude Include="$(MonoSourceLocation)\mono\utils\mono-mmap-internals.h" />
    <ClInclude Include="$(MonoSourceLocation)\mono\utils\mono-mmap-windows-internals.h" />
    <ClInclude Include="$(MonoSourceLocation)\mono\utils\mono-os-mutex.h" />
    <ClInclude Include="$(MonoSourceLocation)\mono\utils\mono-os-wait.h" />
    <ClInclude Include="$(MonoSourceLocation)\mono\utils\mono-coop-mutex.h" />
    <ClInclude Include="$(MonoSourceLocation)\mono\utils\mono-once.h" />
    <ClInclude Include="$(MonoSourceLocation)\mono\utils\mono-lazy-init.h" />
    <ClInclude Include="$(MonoSourceLocation)\mono\utils\mono-networkinterfaces.h" />
    <ClInclude Include="$(MonoSourceLocation)\mono\utils\mono-proclib.h" />
    <ClInclude Include="$(MonoSourceLocation)\mono\utils\mono-proclib-windows-internals.h" />
    <ClInclude Include="$(MonoSourceLocation)\mono\utils\mono-string.h" />
    <ClInclude Include="$(MonoSourceLocation)\mono\utils\mono-time.h" />
    <ClInclude Include="$(MonoSourceLocation)\mono\utils\strenc.h" />
    <ClInclude Include="$(MonoSourceLocation)\mono\utils\mono-os-semaphore.h" />
    <ClInclude Include="$(MonoSourceLocation)\mono\utils\mono-coop-semaphore.h" />
    <ClInclude Include="$(MonoSourceLocation)\mono\utils\mono-sigcontext.h" />
    <ClInclude Include="$(MonoSourceLocation)\mono\utils\mono-property-hash.h" />
    <ClInclude Include="$(MonoSourceLocation)\mono\utils\mono-value-hash.h" />
    <ClInclude Include="$(MonoSourceLocation)\mono\utils\freebsd-elf_common.h" />
    <ClInclude Include="$(MonoSourceLocation)\mono\utils\freebsd-elf32.h" />
    <ClInclude Include="$(MonoSourceLocation)\mono\utils\freebsd-elf64.h" />
    <ClInclude Include="$(MonoSourceLocation)\mono\utils\freebsd-dwarf.h" />
    <ClInclude Include="$(MonoSourceLocation)\mono\utils\dtrace.h" />
    <ClInclude Include="$(MonoSourceLocation)\mono\utils\gc_wrapper.h" />
    <ClInclude Include="$(MonoSourceLocation)\mono\utils\mono-error-internals.h" />
    <ClInclude Include="$(MonoSourceLocation)\mono\utils\monobitset.h" />
    <ClInclude Include="$(MonoSourceLocation)\mono\utils\mono-codeman.h" />
    <ClInclude Include="$(MonoSourceLocation)\mono\utils\mono-digest.h" />
    <ClInclude Include="$(MonoSourceLocation)\mono\utils\mono-machine.h" />
    <ClInclude Include="$(MonoSourceLocation)\mono\utils\mono-math.h" />
    <ClInclude Include="$(MonoSourceLocation)\mono\utils\mono-membar.h" />
    <ClInclude Include="$(MonoSourceLocation)\mono\utils\mono-path.h" />
    <ClInclude Include="$(MonoSourceLocation)\mono\utils\mono-poll.h" />
    <ClInclude Include="$(MonoSourceLocation)\mono\utils\mono-uri.h" />
    <ClInclude Include="$(MonoSourceLocation)\mono\utils\mono-stdlib.h" />
    <ClInclude Include="$(MonoSourceLocation)\mono\utils\valgrind.h" />
    <ClInclude Include="$(MonoSourceLocation)\mono\utils\mach-support.h" />
    <ClInclude Include="$(MonoSourceLocation)\mono\utils\memcheck.h" />
    <ClInclude Include="$(MonoSourceLocation)\mono\utils\mono-context.h" />
    <ClInclude Include="$(MonoSourceLocation)\mono\utils\mono-stack-unwinding.h" />
    <ClInclude Include="$(MonoSourceLocation)\mono\utils\hazard-pointer.h" />
    <ClInclude Include="$(MonoSourceLocation)\mono\utils\lock-free-queue.h" />
    <ClInclude Include="$(MonoSourceLocation)\mono\utils\lock-free-alloc.h" />
    <ClInclude Include="$(MonoSourceLocation)\mono\utils\lock-free-array-queue.h" />
    <ClInclude Include="$(MonoSourceLocation)\mono\utils\mono-linked-list-set.h" />
    <ClInclude Include="$(MonoSourceLocation)\mono\utils\mono-threads.h" />
    <ClInclude Include="$(MonoSourceLocation)\mono\utils\mono-threads-debug.h" />
    <ClInclude Include="$(MonoSourceLocation)\mono\utils\mono-threads-api.h" />
    <ClInclude Include="$(MonoSourceLocation)\mono\utils\mono-threads-coop.h" />
    <ClInclude Include="$(MonoSourceLocation)\mono\utils\mono-tls.h" />
    <ClInclude Include="$(MonoSourceLocation)\mono\utils\linux_magic.h" />
    <ClInclude Include="$(MonoSourceLocation)\mono\utils\mono-memory-model.h" />
    <ClInclude Include="$(MonoSourceLocation)\mono\utils\atomic.h" />
    <ClInclude Include="$(MonoSourceLocation)\mono\utils\mono-hwcap.h" />
    <ClInclude Include="$(MonoSourceLocation)\mono\utils\mono-hwcap-vars.h" />
    <ClInclude Include="$(MonoSourceLocation)\mono\utils\bsearch.h" />
    <ClInclude Include="$(MonoSourceLocation)\mono\utils\mono-signal-handler.h" />
    <ClInclude Include="$(MonoSourceLocation)\mono\utils\mono-conc-hashtable.h" />
    <ClInclude Include="$(MonoSourceLocation)\mono\utils\json.h" />
    <ClInclude Include="$(MonoSourceLocation)\mono\utils\networking.h" />
    <ClInclude Include="$(MonoSourceLocation)\mono\utils\mono-rand.h" />
    <ClInclude Include="$(MonoSourceLocation)\mono\utils\mono-rand-windows-internals.h" />
    <ClInclude Include="$(MonoSourceLocation)\mono\utils\memfuncs.h" />
    <ClInclude Include="$(MonoSourceLocation)\mono\utils\parse.h" />
    <ClInclude Include="$(MonoSourceLocation)\mono\utils\checked-build.h" />
    <ClInclude Include="$(MonoSourceLocation)\mono\utils\os-event.h" />
    <ClInclude Include="$(MonoSourceLocation)\mono\utils\refcount.h" />
    <ClInclude Include="$(MonoSourceLocation)\mono\utils\w32api.h" />
    <ClInclude Include="$(MonoSourceLocation)\mono\utils\unlocked.h" />
    <ClInclude Include="$(MonoSourceLocation)\mono\utils\mono-logger.h" />
    <ClInclude Include="$(MonoSourceLocation)\mono\utils\mono-error.h" />
    <ClInclude Include="$(MonoSourceLocation)\mono\utils\mono-publib.h" />
    <ClInclude Include="$(MonoSourceLocation)\mono\utils\mono-dl-fallback.h" />
    <ClInclude Include="$(MonoSourceLocation)\mono\utils\mono-counters.h" />
    <ClInclude Include="$(MonoSourceLocation)\mono\metadata\appdomain-icalls.h" />
    <ClInclude Include="$(MonoSourceLocation)\mono\metadata\assembly-internals.h" />
    <ClInclude Include="$(MonoSourceLocation)\mono\metadata\attach.h" />
    <ClInclude Include="$(MonoSourceLocation)\mono\metadata\cil-coff.h" />
    <ClInclude Include="$(MonoSourceLocation)\mono\metadata\class-internals.h" />
    <ClInclude Include="$(MonoSourceLocation)\mono\metadata\class-inlines.h" />
    <ClInclude Include="$(MonoSourceLocation)\mono\metadata\cominterop.h" />
    <ClInclude Include="$(MonoSourceLocation)\mono\metadata\console-io.h" />
    <ClInclude Include="$(MonoSourceLocation)\mono\metadata\coree.h" />
    <ClInclude Include="$(MonoSourceLocation)\mono\metadata\coree-internals.h" />
    <ClInclude Include="$(MonoSourceLocation)\mono\metadata\culture-info.h" />
    <ClInclude Include="$(MonoSourceLocation)\mono\metadata\culture-info-tables.h" />
    <ClInclude Include="$(MonoSourceLocation)\mono\metadata\debug-mono-ppdb.h" />
    <ClInclude Include="$(MonoSourceLocation)\mono\metadata\decimal-ms.h" />
    <ClInclude Include="$(MonoSourceLocation)\mono\metadata\domain-internals.h" />
    <ClInclude Include="$(MonoSourceLocation)\mono\metadata\exception-internals.h" />
    <ClInclude Include="$(MonoSourceLocation)\mono\metadata\w32file.h" />
    <ClInclude Include="$(MonoSourceLocation)\mono\metadata\w32file-internals.h" />
    <ClInclude Include="$(MonoSourceLocation)\mono\metadata\filewatcher.h" />
    <ClInclude Include="$(MonoSourceLocation)\mono\metadata\gc-internals.h" />
    <ClInclude Include="$(MonoSourceLocation)\mono\metadata\icall-internals.h" />
    <ClInclude Include="$(MonoSourceLocation)\mono\metadata\icall-def.h" />
    <ClInclude Include="$(MonoSourceLocation)\mono\metadata\image-internals.h" />
    <ClInclude Include="$(MonoSourceLocation)\mono\metadata\locales.h" />
    <ClInclude Include="$(MonoSourceLocation)\mono\metadata\lock-tracer.h" />
    <ClInclude Include="$(MonoSourceLocation)\mono\metadata\marshal.h" />
    <ClInclude Include="$(MonoSourceLocation)\mono\metadata\marshal-internals.h" />
    <ClInclude Include="$(MonoSourceLocation)\mono\metadata\mempool.h" />
    <ClInclude Include="$(MonoSourceLocation)\mono\metadata\mempool-internals.h" />
    <ClInclude Include="$(MonoSourceLocation)\mono\metadata\metadata-internals.h" />
    <ClInclude Include="$(MonoSourceLocation)\mono\metadata\method-builder.h" />
    <ClInclude Include="$(MonoSourceLocation)\mono\metadata\mono-basic-block.h" />
    <ClInclude Include="$(MonoSourceLocation)\mono\metadata\debug-internals.h" />
    <ClInclude Include="$(MonoSourceLocation)\mono\metadata\mono-endian.h" />
    <ClInclude Include="$(MonoSourceLocation)\mono\metadata\mono-hash.h" />
    <ClInclude Include="$(MonoSourceLocation)\mono\metadata\mono-conc-hash.h" />
    <ClInclude Include="$(MonoSourceLocation)\mono\metadata\mono-mlist.h" />
    <ClInclude Include="$(MonoSourceLocation)\mono\metadata\mono-perfcounters.h" />
    <ClInclude Include="$(MonoSourceLocation)\mono\metadata\mono-perfcounters-def.h" />
    <ClInclude Include="$(MonoSourceLocation)\mono\metadata\mono-ptr-array.h" />
    <ClInclude Include="$(MonoSourceLocation)\mono\metadata\mono-route.h" />
    <ClInclude Include="$(MonoSourceLocation)\mono\metadata\monitor.h" />
    <ClInclude Include="$(MonoSourceLocation)\mono\metadata\normalization-tables.h" />
    <ClInclude Include="$(MonoSourceLocation)\mono\metadata\number-formatter.h" />
    <ClInclude Include="$(MonoSourceLocation)\mono\metadata\number-ms.h" />
    <ClInclude Include="$(MonoSourceLocation)\mono\metadata\object-internals.h" />
    <ClInclude Include="$(MonoSourceLocation)\mono\metadata\property-bag.h" />
    <ClInclude Include="$(MonoSourceLocation)\mono\metadata\w32socket.h" />
    <ClInclude Include="$(MonoSourceLocation)\mono\metadata\w32socket-internals.h" />
    <ClInclude Include="$(MonoSourceLocation)\mono\metadata\w32process.h" />
    <ClInclude Include="$(MonoSourceLocation)\mono\metadata\w32process-internals.h" />
    <ClInclude Include="$(MonoSourceLocation)\mono\metadata\profiler-private.h" />
    <ClInclude Include="$(MonoSourceLocation)\mono\metadata\rand.h" />
    <ClInclude Include="$(MonoSourceLocation)\mono\metadata\remoting.h" />
    <ClInclude Include="$(MonoSourceLocation)\mono\metadata\security.h" />
    <ClInclude Include="$(MonoSourceLocation)\mono\metadata\security-core-clr.h" />
    <ClInclude Include="$(MonoSourceLocation)\mono\metadata\security-manager.h" />
    <ClInclude Include="$(MonoSourceLocation)\mono\metadata\string-icalls.h" />
    <ClInclude Include="$(MonoSourceLocation)\mono\metadata\sysmath.h" />
    <ClInclude Include="$(MonoSourceLocation)\mono\metadata\CLR-ETW-Generated.h" />
    <ClInclude Include="$(MonoSourceLocation)\mono\metadata\tabledefs.h" />
    <ClInclude Include="$(MonoSourceLocation)\mono\metadata\threads-types.h" />
    <ClInclude Include="$(MonoSourceLocation)\mono\metadata\threadpool.h" />
    <ClInclude Include="$(MonoSourceLocation)\mono\metadata\threadpool-worker.h" />
    <ClInclude Include="$(MonoSourceLocation)\mono\metadata\threadpool-io.h" />
    <ClInclude Include="$(MonoSourceLocation)\mono\metadata\verify-internals.h" />
    <ClInclude Include="$(MonoSourceLocation)\mono\metadata\wrapper-types.h" />
    <ClInclude Include="$(MonoSourceLocation)\mono\metadata\dynamic-image-internals.h" />
    <ClInclude Include="$(MonoSourceLocation)\mono\metadata\dynamic-stream-internals.h" />
    <ClInclude Include="$(MonoSourceLocation)\mono\metadata\reflection-cache.h" />
    <ClInclude Include="$(MonoSourceLocation)\mono\metadata\custom-attrs-internals.h" />
    <ClInclude Include="$(MonoSourceLocation)\mono\metadata\sre-internals.h" />
    <ClInclude Include="$(MonoSourceLocation)\mono\metadata\reflection-internals.h" />
    <ClInclude Include="$(MonoSourceLocation)\mono\metadata\file-mmap.h" />
    <ClInclude Include="$(MonoSourceLocation)\mono\metadata\object-offsets.h" />
    <ClInclude Include="$(MonoSourceLocation)\mono\metadata\abi-details.h" />
    <ClInclude Include="$(MonoSourceLocation)\mono\metadata\seq-points-data.h" />
    <ClInclude Include="$(MonoSourceLocation)\mono\metadata\handle.h" />
    <ClInclude Include="$(MonoSourceLocation)\mono\metadata\w32mutex.h" />
    <ClInclude Include="$(MonoSourceLocation)\mono\metadata\w32semaphore.h" />
    <ClInclude Include="$(MonoSourceLocation)\mono\metadata\w32event.h" />
    <ClInclude Include="$(MonoSourceLocation)\mono\metadata\w32handle-namespace.h" />
    <ClInclude Include="$(MonoSourceLocation)\mono\metadata\w32handle.h" />
    <ClInclude Include="$(MonoSourceLocation)\mono\metadata\w32error.h" />
    <ClInclude Include="$(MonoSourceLocation)\mono\metadata\fdhandle.h" />
    <ClInclude Include="$(MonoSourceLocation)\mono\metadata\callspec.h" />
    <ClInclude Include="$(MonoSourceLocation)\mono\metadata\runtime.h" />
    <ClInclude Include="$(MonoSourceLocation)\mono\metadata\mono-config-dirs.h" />
    <ClInclude Include="$(MonoSourceLocation)\mono\metadata\null-gc-handles.h" />
    <ClInclude Include="$(MonoSourceLocation)\mono\metadata\sgen-bridge-internals.h" />
    <ClInclude Include="$(MonoSourceLocation)\mono\metadata\sgen-toggleref.h" />
    <ClInclude Include="$(MonoSourceLocation)\mono\metadata\sgen-client-mono.h" />
    <ClInclude Include="$(MonoSourceLocation)\mono\metadata\assembly.h" />
    <ClInclude Include="$(MonoSourceLocation)\mono\metadata\attrdefs.h" />
    <ClInclude Include="$(MonoSourceLocation)\mono\metadata\appdomain.h" />
    <ClInclude Include="$(MonoSourceLocation)\mono\metadata\blob.h" />
    <ClInclude Include="$(MonoSourceLocation)\mono\metadata\class.h" />
    <ClInclude Include="$(MonoSourceLocation)\mono\metadata\debug-helpers.h" />
    <ClInclude Include="$(MonoSourceLocation)\mono\metadata\debug-mono-symfile.h" />
    <ClInclude Include="$(MonoSourceLocation)\mono\metadata\threads.h" />
    <ClInclude Include="$(MonoSourceLocation)\mono\metadata\environment.h" />
    <ClInclude Include="$(MonoSourceLocation)\mono\metadata\exception.h" />
    <ClInclude Include="$(MonoSourceLocation)\mono\metadata\image.h" />
    <ClInclude Include="$(MonoSourceLocation)\mono\metadata\loader.h" />
    <ClInclude Include="$(MonoSourceLocation)\mono\metadata\metadata.h" />
    <ClInclude Include="$(MonoSourceLocation)\mono\metadata\mono-config.h" />
    <ClInclude Include="$(MonoSourceLocation)\mono\metadata\mono-debug.h" />
    <ClInclude Include="$(MonoSourceLocation)\mono\metadata\mono-gc.h" />
    <ClInclude Include="$(MonoSourceLocation)\mono\metadata\sgen-bridge.h" />
    <ClInclude Include="$(MonoSourceLocation)\mono\metadata\object.h" />
    <ClInclude Include="$(MonoSourceLocation)\mono\metadata\opcodes.h" />
    <ClInclude Include="$(MonoSourceLocation)\mono\metadata\profiler.h" />
    <ClInclude Include="$(MonoSourceLocation)\mono\metadata\profiler-events.h" />
    <ClInclude Include="$(MonoSourceLocation)\mono\metadata\reflection.h" />
    <ClInclude Include="$(MonoSourceLocation)\mono\metadata\row-indexes.h" />
    <ClInclude Include="$(MonoSourceLocation)\mono\metadata\tokentype.h" />
    <ClInclude Include="$(MonoSourceLocation)\mono\metadata\verify.h" />
    <ClInclude Include="$(MonoSourceLocation)\mono\metadata\console-win32-internals.h" />
    <ClInclude Include="$(MonoSourceLocation)\mono\metadata\cominterop-win32-internals.h" />
    <ClInclude Include="$(MonoSourceLocation)\mono\metadata\w32file-win32-internals.h" />
    <ClInclude Include="$(MonoSourceLocation)\mono\metadata\icall-windows-internals.h" />
    <ClInclude Include="$(MonoSourceLocation)\mono\metadata\marshal-windows-internals.h" />
    <ClInclude Include="$(MonoSourceLocation)\mono\metadata\mono-security-windows-internals.h" />
    <ClInclude Include="$(MonoSourceLocation)\mono\metadata\w32process-win32-internals.h" />
    <ClInclude Include="$(MonoSourceLocation)\mono\metadata\w32process-unix-internals.h" />
    <ClInclude Include="$(MonoSourceLocation)\mono\metadata\w32file-unix-glob.h" />
    <ClInclude Include="$(MonoSourceLocation)\mono\metadata\unity-memory-info.h" />
    <ClInclude Include="$(MonoSourceLocation)\mono\metadata\unity-utils.h" />
    <ClInclude Include="$(MonoSourceLocation)\mono\mini\seq-points.h" />
    <ClInclude Include="$(MonoSourceLocation)\mono\mini\ir-emit.h" />
    <ClInclude Include="$(MonoSourceLocation)\mono\mini\cfgdump.h" />
    <ClInclude Include="$(MonoSourceLocation)\mono\mini\mini.h" />
    <ClInclude Include="$(MonoSourceLocation)\mono\mini\version.h" />
    <ClInclude Include="$(MonoSourceLocation)\mono\mini\optflags-def.h" />
    <ClInclude Include="$(MonoSourceLocation)\mono\mini\jit-icalls.h" />
    <ClInclude Include="$(MonoSourceLocation)\mono\mini\trace.h" />
    <ClInclude Include="$(MonoSourceLocation)\mono\mini\patch-info.h" />
    <ClInclude Include="$(MonoSourceLocation)\mono\mini\mini-ops.h" />
    <ClInclude Include="$(MonoSourceLocation)\mono\mini\mini-arch.h" />
    <ClInclude Include="$(MonoSourceLocation)\mono\mini\regalloc.h" />
    <ClInclude Include="$(MonoSourceLocation)\mono\mini\abcremoval.h" />
    <ClInclude Include="$(MonoSourceLocation)\mono\mini\aot-compiler.h" />
    <ClInclude Include="$(MonoSourceLocation)\mono\mini\simd-methods.h" />
    <ClInclude Include="$(MonoSourceLocation)\mono\mini\tasklets.h" />
    <ClInclude Include="$(MonoSourceLocation)\mono\mini\mini-unwind.h" />
    <ClInclude Include="$(MonoSourceLocation)\mono\mini\image-writer.h" />
    <ClInclude Include="$(MonoSourceLocation)\mono\mini\dwarfwriter.h" />
    <ClInclude Include="$(MonoSourceLocation)\mono\mini\mini-gc.h" />
    <ClInclude Include="$(MonoSourceLocation)\mono\mini\debugger-agent.h" />
    <ClInclude Include="$(MonoSourceLocation)\mono\mini\mini-llvm.h" />
    <ClInclude Include="$(MonoSourceLocation)\mono\mini\mini-llvm-cpp.h" />
    <ClInclude Include="$(MonoSourceLocation)\mono\mini\llvm-jit.h" />
    <ClInclude Include="$(MonoSourceLocation)\mono\mini\llvm-runtime.h" />
    <ClInclude Include="$(MonoSourceLocation)\mono\mini\lldb.h" />
    <ClInclude Include="$(MonoSourceLocation)\mono\mini\mini-windows.h" />
    <ClInclude Include="$(MonoSourceLocation)\mono\mini\mini-wasm.h" />
    <ClInclude Include="$(MonoSourceLocation)\mono\mini\mini-x86.h" />
    <ClInclude Include="$(MonoSourceLocation)\mono\mini\mini-amd64.h" />
    <ClInclude Include="$(MonoSourceLocation)\mono\mini\mini-amd64-gsharedvt.h" />
    <ClInclude Include="$(MonoSourceLocation)\mono\mini\mini-ppc.h" />
    <ClInclude Include="$(MonoSourceLocation)\mono\mini\mini-arm.h" />
    <ClInclude Include="$(MonoSourceLocation)\mono\mini\mini-arm64.h" />
    <ClInclude Include="$(MonoSourceLocation)\mono\mini\mini-arm64-gsharedvt.h" />
    <ClInclude Include="$(MonoSourceLocation)\mono\mini\mini-mips.h" />
    <ClInclude Include="$(MonoSourceLocation)\mono\mini\mini-sparc.h" />
    <ClInclude Include="$(MonoSourceLocation)\mono\mini\mini-s390x.h" />
    <ClInclude Include="$(MonoSourceLocation)\mono\mini\support-s390x.h" />
    <ClInclude Include="$(MonoSourceLocation)\mono\mini\interp\hacks.h" />
    <ClInclude Include="$(MonoSourceLocation)\mono\mini\interp\interp.h" />
    <ClInclude Include="$(MonoSourceLocation)\mono\mini\interp\interp-internals.h" />
    <ClInclude Include="$(MonoSourceLocation)\mono\mini\interp\mintops.h" />
    <ClInclude Include="$(MonoSourceLocation)\mono\mini\mixed_callstack_plugin.h" />
    <ClInclude Include="$(MonoSourceLocation)\mono\sgen\gc-internal-agnostic.h" />
    <ClInclude Include="$(MonoSourceLocation)\mono\sgen\sgen-archdep.h" />
    <ClInclude Include="$(MonoSourceLocation)\mono\sgen\sgen-cardtable.h" />
    <ClInclude Include="$(MonoSourceLocation)\mono\sgen\sgen-client.h" />
    <ClInclude Include="$(MonoSourceLocation)\mono\sgen\sgen-conf.h" />
    <ClInclude Include="$(MonoSourceLocation)\mono\sgen\sgen-copy-object.h" />
    <ClInclude Include="$(MonoSourceLocation)\mono\sgen\sgen-descriptor.h" />
    <ClInclude Include="$(MonoSourceLocation)\mono\sgen\sgen-gc.h" />
    <ClInclude Include="$(MonoSourceLocation)\mono\sgen\sgen-gray.h" />
    <ClInclude Include="$(MonoSourceLocation)\mono\sgen\sgen-hash-table.h" />
    <ClInclude Include="$(MonoSourceLocation)\mono\sgen\sgen-layout-stats.h" />
    <ClInclude Include="$(MonoSourceLocation)\mono\sgen\sgen-major-copy-object.h" />
    <ClInclude Include="$(MonoSourceLocation)\mono\sgen\sgen-marksweep-drain-gray-stack.h" />
    <ClInclude Include="$(MonoSourceLocation)\mono\sgen\sgen-memory-governor.h" />
    <ClInclude Include="$(MonoSourceLocation)\mono\sgen\sgen-minor-copy-object.h" />
    <ClInclude Include="$(MonoSourceLocation)\mono\sgen\sgen-minor-scan-object.h" />
    <ClInclude Include="$(MonoSourceLocation)\mono\sgen\sgen-pinning.h" />
    <ClInclude Include="$(MonoSourceLocation)\mono\sgen\sgen-pointer-queue.h" />
    <ClInclude Include="$(MonoSourceLocation)\mono\sgen\sgen-array-list.h" />
    <ClInclude Include="$(MonoSourceLocation)\mono\sgen\sgen-protocol-def.h" />
    <ClInclude Include="$(MonoSourceLocation)\mono\sgen\sgen-protocol.h" />
    <ClInclude Include="$(MonoSourceLocation)\mono\sgen\sgen-qsort.h" />
    <ClInclude Include="$(MonoSourceLocation)\mono\sgen\sgen-scan-object.h" />
    <ClInclude Include="$(MonoSourceLocation)\mono\sgen\sgen-tagged-pointer.h" />
    <ClInclude Include="$(MonoSourceLocation)\mono\sgen\sgen-thread-pool.h" />
    <ClInclude Include="$(MonoSourceLocation)\mono\sgen\sgen-workers.h" />
  </ItemGroup>
  <ItemGroup>
    <MASM Include="$(MonoSourceLocation)\mono\utils\win64.asm" />
  </ItemGroup>
  <ItemGroup>
    <None Include="$(MonoSourceLocation)\mono\eglib\Makefile.am" />
    <None Include="$(MonoSourceLocation)\mono\utils\Makefile.am" />
    <None Include="$(MonoSourceLocation)\mono\metadata\Makefile.am" />
    <None Include="$(MonoSourceLocation)\mono\mini\Makefile.am.in" />
    <None Include="$(MonoSourceLocation)\mono\mini\interp\mintops.def" />
    <None Include="$(MonoSourceLocation)\mono\sgen\Makefile.am" />
  </ItemGroup>
</Project>